// !$*UTF8*$!
{
	archiveVersion = 1;
	classes = {
	};
	objectVersion = 46;
	objects = {

/* Begin PBXBuildFile section */
		710160421E787B4D00996654 /* FinishedRunsVC.m in Sources */ = {isa = PBXBuildFile; fileRef = 710160411E787B4D00996654 /* FinishedRunsVC.m */; };
		710160451E787BC100996654 /* CellFinishedRun.m in Sources */ = {isa = PBXBuildFile; fileRef = 710160441E787BC100996654 /* CellFinishedRun.m */; };
		7119D6681E7DA0C9000DDDD3 /* Main.storyboard in Resources */ = {isa = PBXBuildFile; fileRef = 7119D66A1E7DA0C9000DDDD3 /* Main.storyboard */; };
		7119D6701E7DA158000DDDD3 /* Localizable.strings in Resources */ = {isa = PBXBuildFile; fileRef = 7119D6721E7DA158000DDDD3 /* Localizable.strings */; };
		712109861E793E3A0028CAC5 /* CellScheduledRun.m in Sources */ = {isa = PBXBuildFile; fileRef = 712109851E793E3A0028CAC5 /* CellScheduledRun.m */; };
		7121098A1E7AA0400028CAC5 /* FinishedRunsVCDelegate.m in Sources */ = {isa = PBXBuildFile; fileRef = 712109891E7AA0400028CAC5 /* FinishedRunsVCDelegate.m */; };
		7139D6A41E4A432A00416D51 /* ScheduleRunsVC.m in Sources */ = {isa = PBXBuildFile; fileRef = 7139D6A31E4A432A00416D51 /* ScheduleRunsVC.m */; };
		7139D6A91E4A46E100416D51 /* SheduledRuns+CoreDataClass.m in Sources */ = {isa = PBXBuildFile; fileRef = 7139D6A61E4A46E100416D51 /* SheduledRuns+CoreDataClass.m */; };
		7139D6AA1E4A46E100416D51 /* SheduledRuns+CoreDataProperties.m in Sources */ = {isa = PBXBuildFile; fileRef = 7139D6A81E4A46E100416D51 /* SheduledRuns+CoreDataProperties.m */; };
		7139D6AD1E4B188E00416D51 /* CustomAlerts.m in Sources */ = {isa = PBXBuildFile; fileRef = 7139D6AC1E4B188E00416D51 /* CustomAlerts.m */; };
		7141F7BB1E407B39002A909C /* NewRunVC.m in Sources */ = {isa = PBXBuildFile; fileRef = 7141F7BA1E407B39002A909C /* NewRunVC.m */; };
		7141F7BE1E4119DE002A909C /* RunDetailVC.m in Sources */ = {isa = PBXBuildFile; fileRef = 7141F7BD1E4119DE002A909C /* RunDetailVC.m */; };
		7141F7EA1E437753002A909C /* AdMobDemo.m in Sources */ = {isa = PBXBuildFile; fileRef = 7141F7E91E437753002A909C /* AdMobDemo.m */; };
		7141F7EE1E43C5B4002A909C /* GoogleService-Info.plist in Resources */ = {isa = PBXBuildFile; fileRef = 7141F7ED1E43C5B4002A909C /* GoogleService-Info.plist */; };
		7141F7F21E43CB57002A909C /* ToString.m in Sources */ = {isa = PBXBuildFile; fileRef = 7141F7F11E43CB57002A909C /* ToString.m */; };
		714FB9871E3FBACD00FC6A95 /* main.m in Sources */ = {isa = PBXBuildFile; fileRef = 714FB9861E3FBACD00FC6A95 /* main.m */; };
		714FB98A1E3FBACD00FC6A95 /* AppDelegate.m in Sources */ = {isa = PBXBuildFile; fileRef = 714FB9891E3FBACD00FC6A95 /* AppDelegate.m */; };
		714FB98D1E3FBACD00FC6A95 /* StartScreenVC.m in Sources */ = {isa = PBXBuildFile; fileRef = 714FB98C1E3FBACD00FC6A95 /* StartScreenVC.m */; };
		714FB9931E3FBACD00FC6A95 /* WorldTourRun.xcdatamodeld in Sources */ = {isa = PBXBuildFile; fileRef = 714FB9911E3FBACD00FC6A95 /* WorldTourRun.xcdatamodeld */; };
		714FB9951E3FBACD00FC6A95 /* Assets.xcassets in Resources */ = {isa = PBXBuildFile; fileRef = 714FB9941E3FBACD00FC6A95 /* Assets.xcassets */; };
		714FB9981E3FBACD00FC6A95 /* LaunchScreen.storyboard in Resources */ = {isa = PBXBuildFile; fileRef = 714FB9961E3FBACD00FC6A95 /* LaunchScreen.storyboard */; };
		714FB9A71E3FBE7E00FC6A95 /* Location+CoreDataClass.m in Sources */ = {isa = PBXBuildFile; fileRef = 714FB9A01E3FBE7E00FC6A95 /* Location+CoreDataClass.m */; };
		714FB9A81E3FBE7E00FC6A95 /* Location+CoreDataProperties.m in Sources */ = {isa = PBXBuildFile; fileRef = 714FB9A21E3FBE7E00FC6A95 /* Location+CoreDataProperties.m */; };
		714FB9A91E3FBE7E00FC6A95 /* Run+CoreDataClass.m in Sources */ = {isa = PBXBuildFile; fileRef = 714FB9A41E3FBE7E00FC6A95 /* Run+CoreDataClass.m */; };
		714FB9AA1E3FBE7E00FC6A95 /* Run+CoreDataProperties.m in Sources */ = {isa = PBXBuildFile; fileRef = 714FB9A61E3FBE7E00FC6A95 /* Run+CoreDataProperties.m */; };
		714FB9AD1E3FBF0A00FC6A95 /* MapKit.framework in Frameworks */ = {isa = PBXBuildFile; fileRef = 714FB9AC1E3FBF0A00FC6A95 /* MapKit.framework */; };
		715C2D951E7F20200053B59C /* ToStringTests.m in Sources */ = {isa = PBXBuildFile; fileRef = 715C2D941E7F20200053B59C /* ToStringTests.m */; };
		7171C4961E4C9351005BA23C /* CoreDataService.m in Sources */ = {isa = PBXBuildFile; fileRef = 7171C4951E4C9351005BA23C /* CoreDataService.m */; };
		718FAE721E75499D00E1D5CC /* TrophiesDetailsVC.m in Sources */ = {isa = PBXBuildFile; fileRef = 718FAE711E75499D00E1D5CC /* TrophiesDetailsVC.m */; };
		718FAE791E759F0200E1D5CC /* CustomButton.m in Sources */ = {isa = PBXBuildFile; fileRef = 718FAE781E759F0200E1D5CC /* CustomButton.m */; };
		718FAE7C1E75AECD00E1D5CC /* CustomView.m in Sources */ = {isa = PBXBuildFile; fileRef = 718FAE7B1E75AECD00E1D5CC /* CustomView.m */; };
		718FAE7F1E75E57100E1D5CC /* BackgroundView.m in Sources */ = {isa = PBXBuildFile; fileRef = 718FAE7E1E75E57100E1D5CC /* BackgroundView.m */; };
		718FAE871E772AF900E1D5CC /* Strategy.m in Sources */ = {isa = PBXBuildFile; fileRef = 718FAE861E772AF900E1D5CC /* Strategy.m */; };
		718FAE8A1E772C2000E1D5CC /* TwitterStrategy.m in Sources */ = {isa = PBXBuildFile; fileRef = 718FAE891E772C2000E1D5CC /* TwitterStrategy.m */; };
		718FAE8D1E77369100E1D5CC /* FacebookStrategy.m in Sources */ = {isa = PBXBuildFile; fileRef = 718FAE8C1E77369100E1D5CC /* FacebookStrategy.m */; };
		718FAE901E774F8000E1D5CC /* CustomImage.m in Sources */ = {isa = PBXBuildFile; fileRef = 718FAE8F1E774F8000E1D5CC /* CustomImage.m */; };
		71DC82941EBB1DAB0022B513 /* NewRunUITests.swift in Sources */ = {isa = PBXBuildFile; fileRef = 71DC82931EBB1DAB0022B513 /* NewRunUITests.swift */; };
		71F8F5DD1EA113F800B157D4 /* DebugUIViews.m in Sources */ = {isa = PBXBuildFile; fileRef = 71F8F5DC1EA113F800B157D4 /* DebugUIViews.m */; };
		71FAE4821E6D853D0066803B /* cities.txt in Resources */ = {isa = PBXBuildFile; fileRef = 71FAE4811E6D853D0066803B /* cities.txt */; };
		71FAE4881E6D85840066803B /* CityTrophy.m in Sources */ = {isa = PBXBuildFile; fileRef = 71FAE4871E6D85840066803B /* CityTrophy.m */; };
		71FAE48C1E6D86170066803B /* CityTrophyController.m in Sources */ = {isa = PBXBuildFile; fileRef = 71FAE48B1E6D86170066803B /* CityTrophyController.m */; };
		71FAE4911E7193CE0066803B /* TrophyStatus.m in Sources */ = {isa = PBXBuildFile; fileRef = 71FAE4901E7193CE0066803B /* TrophyStatus.m */; };
		71FAE4951E72EA730066803B /* CellTrophy.m in Sources */ = {isa = PBXBuildFile; fileRef = 71FAE4941E72EA730066803B /* CellTrophy.m */; };
		71FAE4981E72EB020066803B /* TrophiesVC.m in Sources */ = {isa = PBXBuildFile; fileRef = 71FAE4971E72EB020066803B /* TrophiesVC.m */; };
		B2F498AF1EB9C6CB0018A3B4 /* ViewControllersNavigationUITests.swift in Sources */ = {isa = PBXBuildFile; fileRef = B2F498AE1EB9C6CB0018A3B4 /* ViewControllersNavigationUITests.swift */; };
		B2F498B71EB9C9710018A3B4 /* Info.plist in Resources */ = {isa = PBXBuildFile; fileRef = B2F498B61EB9C9710018A3B4 /* Info.plist */; };
		E24A9D858FF30E0CD2B902D9 /* libPods-WorldTourRun.a in Frameworks */ = {isa = PBXBuildFile; fileRef = 5251D5EF45FAD95ECD4D1E21 /* libPods-WorldTourRun.a */; };
/* End PBXBuildFile section */

/* Begin PBXContainerItemProxy section */
		715C2D7F1E7EBA4B0053B59C /* PBXContainerItemProxy */ = {
			isa = PBXContainerItemProxy;
			containerPortal = 714FB97A1E3FBACD00FC6A95 /* Project object */;
			proxyType = 1;
			remoteGlobalIDString = 714FB9811E3FBACD00FC6A95;
			remoteInfo = WorldTourRun;
		};
		B2F498B11EB9C6CB0018A3B4 /* PBXContainerItemProxy */ = {
			isa = PBXContainerItemProxy;
			containerPortal = 714FB97A1E3FBACD00FC6A95 /* Project object */;
			proxyType = 1;
			remoteGlobalIDString = 714FB9811E3FBACD00FC6A95;
			remoteInfo = WorldTourRun;
		};
/* End PBXContainerItemProxy section */

/* Begin PBXFileReference section */
		5251D5EF45FAD95ECD4D1E21 /* libPods-WorldTourRun.a */ = {isa = PBXFileReference; explicitFileType = archive.ar; includeInIndex = 0; path = "libPods-WorldTourRun.a"; sourceTree = BUILT_PRODUCTS_DIR; };
		5B36972AAB13C475A239AF3A /* Pods-WorldTourRun.release.xcconfig */ = {isa = PBXFileReference; includeInIndex = 1; lastKnownFileType = text.xcconfig; name = "Pods-WorldTourRun.release.xcconfig"; path = "Pods/Target Support Files/Pods-WorldTourRun/Pods-WorldTourRun.release.xcconfig"; sourceTree = "<group>"; };
		710160401E787B4D00996654 /* FinishedRunsVC.h */ = {isa = PBXFileReference; fileEncoding = 4; lastKnownFileType = sourcecode.c.h; path = FinishedRunsVC.h; sourceTree = "<group>"; };
		710160411E787B4D00996654 /* FinishedRunsVC.m */ = {isa = PBXFileReference; fileEncoding = 4; lastKnownFileType = sourcecode.c.objc; path = FinishedRunsVC.m; sourceTree = "<group>"; };
		710160431E787BC100996654 /* CellFinishedRun.h */ = {isa = PBXFileReference; fileEncoding = 4; lastKnownFileType = sourcecode.c.h; path = CellFinishedRun.h; sourceTree = "<group>"; };
		710160441E787BC100996654 /* CellFinishedRun.m */ = {isa = PBXFileReference; fileEncoding = 4; lastKnownFileType = sourcecode.c.objc; path = CellFinishedRun.m; sourceTree = "<group>"; };
		7119D6671E7DA0B9000DDDD3 /* pl */ = {isa = PBXFileReference; lastKnownFileType = text.plist.strings; name = pl; path = pl.lproj/LaunchScreen.strings; sourceTree = "<group>"; };
		7119D6691E7DA0C9000DDDD3 /* Base */ = {isa = PBXFileReference; lastKnownFileType = file.storyboard; name = Base; path = Base.lproj/Main.storyboard; sourceTree = "<group>"; };
		7119D66C1E7DA0CD000DDDD3 /* pl */ = {isa = PBXFileReference; lastKnownFileType = text.plist.strings; name = pl; path = pl.lproj/Main.strings; sourceTree = "<group>"; };
		7119D66D1E7DA0DC000DDDD3 /* Base */ = {isa = PBXFileReference; lastKnownFileType = text.plist.xml; name = Base; path = Base.lproj/Info.plist; sourceTree = "<group>"; };
		7119D6711E7DA158000DDDD3 /* Base */ = {isa = PBXFileReference; lastKnownFileType = text.plist.strings; name = Base; path = Base.lproj/Localizable.strings; sourceTree = "<group>"; };
		7119D6731E7DA17F000DDDD3 /* pl */ = {isa = PBXFileReference; lastKnownFileType = text.plist.strings; name = pl; path = pl.lproj/Localizable.strings; sourceTree = "<group>"; };
		7119D6751E7DA410000DDDD3 /* pl */ = {isa = PBXFileReference; lastKnownFileType = text.plist.xml; name = pl; path = pl.lproj/Info.plist; sourceTree = "<group>"; };
		712109841E793E3A0028CAC5 /* CellScheduledRun.h */ = {isa = PBXFileReference; fileEncoding = 4; lastKnownFileType = sourcecode.c.h; path = CellScheduledRun.h; sourceTree = "<group>"; };
		712109851E793E3A0028CAC5 /* CellScheduledRun.m */ = {isa = PBXFileReference; fileEncoding = 4; lastKnownFileType = sourcecode.c.objc; path = CellScheduledRun.m; sourceTree = "<group>"; };
		712109881E7AA0400028CAC5 /* FinishedRunsVCDelegate.h */ = {isa = PBXFileReference; fileEncoding = 4; lastKnownFileType = sourcecode.c.h; path = FinishedRunsVCDelegate.h; sourceTree = "<group>"; };
		712109891E7AA0400028CAC5 /* FinishedRunsVCDelegate.m */ = {isa = PBXFileReference; fileEncoding = 4; lastKnownFileType = sourcecode.c.objc; path = FinishedRunsVCDelegate.m; sourceTree = "<group>"; };
		7139D6A21E4A432A00416D51 /* ScheduleRunsVC.h */ = {isa = PBXFileReference; fileEncoding = 4; lastKnownFileType = sourcecode.c.h; path = ScheduleRunsVC.h; sourceTree = "<group>"; };
		7139D6A31E4A432A00416D51 /* ScheduleRunsVC.m */ = {isa = PBXFileReference; fileEncoding = 4; lastKnownFileType = sourcecode.c.objc; path = ScheduleRunsVC.m; sourceTree = "<group>"; };
		7139D6A51E4A46E100416D51 /* SheduledRuns+CoreDataClass.h */ = {isa = PBXFileReference; fileEncoding = 4; lastKnownFileType = sourcecode.c.h; path = "SheduledRuns+CoreDataClass.h"; sourceTree = "<group>"; };
		7139D6A61E4A46E100416D51 /* SheduledRuns+CoreDataClass.m */ = {isa = PBXFileReference; fileEncoding = 4; lastKnownFileType = sourcecode.c.objc; path = "SheduledRuns+CoreDataClass.m"; sourceTree = "<group>"; };
		7139D6A71E4A46E100416D51 /* SheduledRuns+CoreDataProperties.h */ = {isa = PBXFileReference; fileEncoding = 4; lastKnownFileType = sourcecode.c.h; path = "SheduledRuns+CoreDataProperties.h"; sourceTree = "<group>"; };
		7139D6A81E4A46E100416D51 /* SheduledRuns+CoreDataProperties.m */ = {isa = PBXFileReference; fileEncoding = 4; lastKnownFileType = sourcecode.c.objc; path = "SheduledRuns+CoreDataProperties.m"; sourceTree = "<group>"; };
		7139D6AB1E4B188E00416D51 /* CustomAlerts.h */ = {isa = PBXFileReference; fileEncoding = 4; lastKnownFileType = sourcecode.c.h; path = CustomAlerts.h; sourceTree = "<group>"; };
		7139D6AC1E4B188E00416D51 /* CustomAlerts.m */ = {isa = PBXFileReference; fileEncoding = 4; lastKnownFileType = sourcecode.c.objc; path = CustomAlerts.m; sourceTree = "<group>"; };
		7141F7B91E407B39002A909C /* NewRunVC.h */ = {isa = PBXFileReference; fileEncoding = 4; lastKnownFileType = sourcecode.c.h; path = NewRunVC.h; sourceTree = "<group>"; };
		7141F7BA1E407B39002A909C /* NewRunVC.m */ = {isa = PBXFileReference; fileEncoding = 4; lastKnownFileType = sourcecode.c.objc; path = NewRunVC.m; sourceTree = "<group>"; };
		7141F7BC1E4119DE002A909C /* RunDetailVC.h */ = {isa = PBXFileReference; fileEncoding = 4; lastKnownFileType = sourcecode.c.h; path = RunDetailVC.h; sourceTree = "<group>"; };
		7141F7BD1E4119DE002A909C /* RunDetailVC.m */ = {isa = PBXFileReference; fileEncoding = 4; lastKnownFileType = sourcecode.c.objc; path = RunDetailVC.m; sourceTree = "<group>"; };
		7141F7E81E437753002A909C /* AdMobDemo.h */ = {isa = PBXFileReference; fileEncoding = 4; lastKnownFileType = sourcecode.c.h; path = AdMobDemo.h; sourceTree = "<group>"; };
		7141F7E91E437753002A909C /* AdMobDemo.m */ = {isa = PBXFileReference; fileEncoding = 4; lastKnownFileType = sourcecode.c.objc; path = AdMobDemo.m; sourceTree = "<group>"; };
		7141F7ED1E43C5B4002A909C /* GoogleService-Info.plist */ = {isa = PBXFileReference; fileEncoding = 4; lastKnownFileType = text.plist.xml; path = "GoogleService-Info.plist"; sourceTree = "<group>"; };
		7141F7F01E43CB57002A909C /* ToString.h */ = {isa = PBXFileReference; fileEncoding = 4; lastKnownFileType = sourcecode.c.h; path = ToString.h; sourceTree = "<group>"; };
		7141F7F11E43CB57002A909C /* ToString.m */ = {isa = PBXFileReference; fileEncoding = 4; lastKnownFileType = sourcecode.c.objc; path = ToString.m; sourceTree = "<group>"; };
		714FB9821E3FBACD00FC6A95 /* WorldTourRun.app */ = {isa = PBXFileReference; explicitFileType = wrapper.application; includeInIndex = 0; path = WorldTourRun.app; sourceTree = BUILT_PRODUCTS_DIR; };
		714FB9861E3FBACD00FC6A95 /* main.m */ = {isa = PBXFileReference; lastKnownFileType = sourcecode.c.objc; path = main.m; sourceTree = "<group>"; };
		714FB9881E3FBACD00FC6A95 /* AppDelegate.h */ = {isa = PBXFileReference; lastKnownFileType = sourcecode.c.h; path = AppDelegate.h; sourceTree = "<group>"; };
		714FB9891E3FBACD00FC6A95 /* AppDelegate.m */ = {isa = PBXFileReference; lastKnownFileType = sourcecode.c.objc; path = AppDelegate.m; sourceTree = "<group>"; };
		714FB98B1E3FBACD00FC6A95 /* StartScreenVC.h */ = {isa = PBXFileReference; lastKnownFileType = sourcecode.c.h; path = StartScreenVC.h; sourceTree = "<group>"; };
		714FB98C1E3FBACD00FC6A95 /* StartScreenVC.m */ = {isa = PBXFileReference; lastKnownFileType = sourcecode.c.objc; path = StartScreenVC.m; sourceTree = "<group>"; };
		714FB9921E3FBACD00FC6A95 /* WorldTourRun.xcdatamodel */ = {isa = PBXFileReference; lastKnownFileType = wrapper.xcdatamodel; path = WorldTourRun.xcdatamodel; sourceTree = "<group>"; };
		714FB9941E3FBACD00FC6A95 /* Assets.xcassets */ = {isa = PBXFileReference; lastKnownFileType = folder.assetcatalog; path = Assets.xcassets; sourceTree = "<group>"; };
		714FB9971E3FBACD00FC6A95 /* Base */ = {isa = PBXFileReference; lastKnownFileType = file.storyboard; name = Base; path = Base.lproj/LaunchScreen.storyboard; sourceTree = "<group>"; };
		714FB99F1E3FBE7E00FC6A95 /* Location+CoreDataClass.h */ = {isa = PBXFileReference; fileEncoding = 4; lastKnownFileType = sourcecode.c.h; name = "Location+CoreDataClass.h"; path = "../Location+CoreDataClass.h"; sourceTree = "<group>"; };
		714FB9A01E3FBE7E00FC6A95 /* Location+CoreDataClass.m */ = {isa = PBXFileReference; fileEncoding = 4; lastKnownFileType = sourcecode.c.objc; name = "Location+CoreDataClass.m"; path = "../Location+CoreDataClass.m"; sourceTree = "<group>"; };
		714FB9A11E3FBE7E00FC6A95 /* Location+CoreDataProperties.h */ = {isa = PBXFileReference; fileEncoding = 4; lastKnownFileType = sourcecode.c.h; name = "Location+CoreDataProperties.h"; path = "../Location+CoreDataProperties.h"; sourceTree = "<group>"; };
		714FB9A21E3FBE7E00FC6A95 /* Location+CoreDataProperties.m */ = {isa = PBXFileReference; fileEncoding = 4; lastKnownFileType = sourcecode.c.objc; name = "Location+CoreDataProperties.m"; path = "../Location+CoreDataProperties.m"; sourceTree = "<group>"; };
		714FB9A31E3FBE7E00FC6A95 /* Run+CoreDataClass.h */ = {isa = PBXFileReference; fileEncoding = 4; lastKnownFileType = sourcecode.c.h; name = "Run+CoreDataClass.h"; path = "../Run+CoreDataClass.h"; sourceTree = "<group>"; };
		714FB9A41E3FBE7E00FC6A95 /* Run+CoreDataClass.m */ = {isa = PBXFileReference; fileEncoding = 4; lastKnownFileType = sourcecode.c.objc; name = "Run+CoreDataClass.m"; path = "../Run+CoreDataClass.m"; sourceTree = "<group>"; };
		714FB9A51E3FBE7E00FC6A95 /* Run+CoreDataProperties.h */ = {isa = PBXFileReference; fileEncoding = 4; lastKnownFileType = sourcecode.c.h; name = "Run+CoreDataProperties.h"; path = "../Run+CoreDataProperties.h"; sourceTree = "<group>"; };
		714FB9A61E3FBE7E00FC6A95 /* Run+CoreDataProperties.m */ = {isa = PBXFileReference; fileEncoding = 4; lastKnownFileType = sourcecode.c.objc; name = "Run+CoreDataProperties.m"; path = "../Run+CoreDataProperties.m"; sourceTree = "<group>"; };
		714FB9AC1E3FBF0A00FC6A95 /* MapKit.framework */ = {isa = PBXFileReference; lastKnownFileType = wrapper.framework; name = MapKit.framework; path = System/Library/Frameworks/MapKit.framework; sourceTree = SDKROOT; };
		715C2D7A1E7EBA4B0053B59C /* WorldTourRunTests.xctest */ = {isa = PBXFileReference; explicitFileType = wrapper.cfbundle; includeInIndex = 0; path = WorldTourRunTests.xctest; sourceTree = BUILT_PRODUCTS_DIR; };
		715C2D7E1E7EBA4B0053B59C /* Info.plist */ = {isa = PBXFileReference; lastKnownFileType = text.plist.xml; path = Info.plist; sourceTree = "<group>"; };
		715C2D941E7F20200053B59C /* ToStringTests.m */ = {isa = PBXFileReference; fileEncoding = 4; lastKnownFileType = sourcecode.c.objc; path = ToStringTests.m; sourceTree = "<group>"; };
		7171C4941E4C9351005BA23C /* CoreDataService.h */ = {isa = PBXFileReference; fileEncoding = 4; lastKnownFileType = sourcecode.c.h; path = CoreDataService.h; sourceTree = "<group>"; };
		7171C4951E4C9351005BA23C /* CoreDataService.m */ = {isa = PBXFileReference; fileEncoding = 4; lastKnownFileType = sourcecode.c.objc; path = CoreDataService.m; sourceTree = "<group>"; };
		718FAE701E75499D00E1D5CC /* TrophiesDetailsVC.h */ = {isa = PBXFileReference; fileEncoding = 4; lastKnownFileType = sourcecode.c.h; path = TrophiesDetailsVC.h; sourceTree = "<group>"; };
		718FAE711E75499D00E1D5CC /* TrophiesDetailsVC.m */ = {isa = PBXFileReference; fileEncoding = 4; lastKnownFileType = sourcecode.c.objc; path = TrophiesDetailsVC.m; sourceTree = "<group>"; };
		718FAE771E759F0200E1D5CC /* CustomButton.h */ = {isa = PBXFileReference; fileEncoding = 4; lastKnownFileType = sourcecode.c.h; path = CustomButton.h; sourceTree = "<group>"; };
		718FAE781E759F0200E1D5CC /* CustomButton.m */ = {isa = PBXFileReference; fileEncoding = 4; lastKnownFileType = sourcecode.c.objc; path = CustomButton.m; sourceTree = "<group>"; };
		718FAE7A1E75AECD00E1D5CC /* CustomView.h */ = {isa = PBXFileReference; fileEncoding = 4; lastKnownFileType = sourcecode.c.h; path = CustomView.h; sourceTree = "<group>"; };
		718FAE7B1E75AECD00E1D5CC /* CustomView.m */ = {isa = PBXFileReference; fileEncoding = 4; lastKnownFileType = sourcecode.c.objc; path = CustomView.m; sourceTree = "<group>"; };
		718FAE7D1E75E57100E1D5CC /* BackgroundView.h */ = {isa = PBXFileReference; fileEncoding = 4; lastKnownFileType = sourcecode.c.h; path = BackgroundView.h; sourceTree = "<group>"; };
		718FAE7E1E75E57100E1D5CC /* BackgroundView.m */ = {isa = PBXFileReference; fileEncoding = 4; lastKnownFileType = sourcecode.c.objc; path = BackgroundView.m; sourceTree = "<group>"; };
		718FAE851E772AF900E1D5CC /* Strategy.h */ = {isa = PBXFileReference; fileEncoding = 4; lastKnownFileType = sourcecode.c.h; path = Strategy.h; sourceTree = "<group>"; };
		718FAE861E772AF900E1D5CC /* Strategy.m */ = {isa = PBXFileReference; fileEncoding = 4; lastKnownFileType = sourcecode.c.objc; path = Strategy.m; sourceTree = "<group>"; };
		718FAE881E772C2000E1D5CC /* TwitterStrategy.h */ = {isa = PBXFileReference; fileEncoding = 4; lastKnownFileType = sourcecode.c.h; path = TwitterStrategy.h; sourceTree = "<group>"; };
		718FAE891E772C2000E1D5CC /* TwitterStrategy.m */ = {isa = PBXFileReference; fileEncoding = 4; lastKnownFileType = sourcecode.c.objc; path = TwitterStrategy.m; sourceTree = "<group>"; };
		718FAE8B1E77369100E1D5CC /* FacebookStrategy.h */ = {isa = PBXFileReference; fileEncoding = 4; lastKnownFileType = sourcecode.c.h; path = FacebookStrategy.h; sourceTree = "<group>"; };
		718FAE8C1E77369100E1D5CC /* FacebookStrategy.m */ = {isa = PBXFileReference; fileEncoding = 4; lastKnownFileType = sourcecode.c.objc; path = FacebookStrategy.m; sourceTree = "<group>"; };
		718FAE8E1E774F8000E1D5CC /* CustomImage.h */ = {isa = PBXFileReference; fileEncoding = 4; lastKnownFileType = sourcecode.c.h; path = CustomImage.h; sourceTree = "<group>"; };
		718FAE8F1E774F8000E1D5CC /* CustomImage.m */ = {isa = PBXFileReference; fileEncoding = 4; lastKnownFileType = sourcecode.c.objc; path = CustomImage.m; sourceTree = "<group>"; };
		71DC82931EBB1DAB0022B513 /* NewRunUITests.swift */ = {isa = PBXFileReference; fileEncoding = 4; lastKnownFileType = sourcecode.swift; path = NewRunUITests.swift; sourceTree = "<group>"; };
		71F8F5DC1EA113F800B157D4 /* DebugUIViews.m */ = {isa = PBXFileReference; fileEncoding = 4; lastKnownFileType = sourcecode.c.objc; path = DebugUIViews.m; sourceTree = "<group>"; };
		71FAE4811E6D853D0066803B /* cities.txt */ = {isa = PBXFileReference; fileEncoding = 4; lastKnownFileType = text; path = cities.txt; sourceTree = "<group>"; };
		71FAE4861E6D85840066803B /* CityTrophy.h */ = {isa = PBXFileReference; fileEncoding = 4; lastKnownFileType = sourcecode.c.h; path = CityTrophy.h; sourceTree = "<group>"; };
		71FAE4871E6D85840066803B /* CityTrophy.m */ = {isa = PBXFileReference; fileEncoding = 4; lastKnownFileType = sourcecode.c.objc; path = CityTrophy.m; sourceTree = "<group>"; };
		71FAE48A1E6D86170066803B /* CityTrophyController.h */ = {isa = PBXFileReference; fileEncoding = 4; lastKnownFileType = sourcecode.c.h; path = CityTrophyController.h; sourceTree = "<group>"; };
		71FAE48B1E6D86170066803B /* CityTrophyController.m */ = {isa = PBXFileReference; fileEncoding = 4; lastKnownFileType = sourcecode.c.objc; path = CityTrophyController.m; sourceTree = "<group>"; };
		71FAE48F1E7193CE0066803B /* TrophyStatus.h */ = {isa = PBXFileReference; fileEncoding = 4; lastKnownFileType = sourcecode.c.h; path = TrophyStatus.h; sourceTree = "<group>"; };
		71FAE4901E7193CE0066803B /* TrophyStatus.m */ = {isa = PBXFileReference; fileEncoding = 4; lastKnownFileType = sourcecode.c.objc; path = TrophyStatus.m; sourceTree = "<group>"; };
		71FAE4931E72EA730066803B /* CellTrophy.h */ = {isa = PBXFileReference; fileEncoding = 4; lastKnownFileType = sourcecode.c.h; path = CellTrophy.h; sourceTree = "<group>"; };
		71FAE4941E72EA730066803B /* CellTrophy.m */ = {isa = PBXFileReference; fileEncoding = 4; lastKnownFileType = sourcecode.c.objc; path = CellTrophy.m; sourceTree = "<group>"; };
		71FAE4961E72EB020066803B /* TrophiesVC.h */ = {isa = PBXFileReference; fileEncoding = 4; lastKnownFileType = sourcecode.c.h; path = TrophiesVC.h; sourceTree = "<group>"; };
		71FAE4971E72EB020066803B /* TrophiesVC.m */ = {isa = PBXFileReference; fileEncoding = 4; lastKnownFileType = sourcecode.c.objc; path = TrophiesVC.m; sourceTree = "<group>"; };
		B2F498AC1EB9C6CB0018A3B4 /* WorldTourRunUITests.xctest */ = {isa = PBXFileReference; explicitFileType = wrapper.cfbundle; includeInIndex = 0; path = WorldTourRunUITests.xctest; sourceTree = BUILT_PRODUCTS_DIR; };
		B2F498AE1EB9C6CB0018A3B4 /* ViewControllersNavigationUITests.swift */ = {isa = PBXFileReference; lastKnownFileType = sourcecode.swift; path = ViewControllersNavigationUITests.swift; sourceTree = "<group>"; };
		B2F498B61EB9C9710018A3B4 /* Info.plist */ = {isa = PBXFileReference; fileEncoding = 4; lastKnownFileType = text.plist.xml; path = Info.plist; sourceTree = "<group>"; };
		E413F6C04DE9F3AC703E51D8 /* Pods-WorldTourRun.debug.xcconfig */ = {isa = PBXFileReference; includeInIndex = 1; lastKnownFileType = text.xcconfig; name = "Pods-WorldTourRun.debug.xcconfig"; path = "Pods/Target Support Files/Pods-WorldTourRun/Pods-WorldTourRun.debug.xcconfig"; sourceTree = "<group>"; };
/* End PBXFileReference section */

/* Begin PBXFrameworksBuildPhase section */
		714FB97F1E3FBACD00FC6A95 /* Frameworks */ = {
			isa = PBXFrameworksBuildPhase;
			buildActionMask = 2147483647;
			files = (
				714FB9AD1E3FBF0A00FC6A95 /* MapKit.framework in Frameworks */,
				E24A9D858FF30E0CD2B902D9 /* libPods-WorldTourRun.a in Frameworks */,
			);
			runOnlyForDeploymentPostprocessing = 0;
		};
		715C2D771E7EBA4B0053B59C /* Frameworks */ = {
			isa = PBXFrameworksBuildPhase;
			buildActionMask = 2147483647;
			files = (
			);
			runOnlyForDeploymentPostprocessing = 0;
		};
		B2F498A91EB9C6CB0018A3B4 /* Frameworks */ = {
			isa = PBXFrameworksBuildPhase;
			buildActionMask = 2147483647;
			files = (
			);
			runOnlyForDeploymentPostprocessing = 0;
		};
/* End PBXFrameworksBuildPhase section */

/* Begin PBXGroup section */
		712109871E7A9FED0028CAC5 /* Delegates */ = {
			isa = PBXGroup;
			children = (
				712109881E7AA0400028CAC5 /* FinishedRunsVCDelegate.h */,
				712109891E7AA0400028CAC5 /* FinishedRunsVCDelegate.m */,
			);
			name = Delegates;
			sourceTree = "<group>";
		};
		7141F7EF1E43CB11002A909C /* Services */ = {
			isa = PBXGroup;
			children = (
				7141F7F01E43CB57002A909C /* ToString.h */,
				7141F7F11E43CB57002A909C /* ToString.m */,
				7171C4941E4C9351005BA23C /* CoreDataService.h */,
				7171C4951E4C9351005BA23C /* CoreDataService.m */,
				718FAE851E772AF900E1D5CC /* Strategy.h */,
				718FAE861E772AF900E1D5CC /* Strategy.m */,
				718FAE881E772C2000E1D5CC /* TwitterStrategy.h */,
				718FAE891E772C2000E1D5CC /* TwitterStrategy.m */,
				718FAE8B1E77369100E1D5CC /* FacebookStrategy.h */,
				718FAE8C1E77369100E1D5CC /* FacebookStrategy.m */,
			);
			name = Services;
			sourceTree = "<group>";
		};
		714FB9791E3FBACD00FC6A95 = {
			isa = PBXGroup;
			children = (
				714FB9841E3FBACD00FC6A95 /* WorldTourRun */,
				715C2D7B1E7EBA4B0053B59C /* WorldTourRunTests */,
				B2F498AD1EB9C6CB0018A3B4 /* WorldTourRunUITests */,
				714FB9831E3FBACD00FC6A95 /* Products */,
				714FB9AB1E3FBF0A00FC6A95 /* Frameworks */,
				815384D090D0C49DD4F4DFD6 /* Pods */,
			);
			sourceTree = "<group>";
		};
		714FB9831E3FBACD00FC6A95 /* Products */ = {
			isa = PBXGroup;
			children = (
				714FB9821E3FBACD00FC6A95 /* WorldTourRun.app */,
				715C2D7A1E7EBA4B0053B59C /* WorldTourRunTests.xctest */,
				B2F498AC1EB9C6CB0018A3B4 /* WorldTourRunUITests.xctest */,
			);
			name = Products;
			sourceTree = "<group>";
		};
		714FB9841E3FBACD00FC6A95 /* WorldTourRun */ = {
			isa = PBXGroup;
			children = (
				714FB9AE1E3FBFAC00FC6A95 /* Controllers */,
				714FB9B11E3FC00F00FC6A95 /* Storyboards */,
				714FB9B01E3FBFCA00FC6A95 /* Model */,
				714FB9AF1E3FBFC100FC6A95 /* View */,
				71FAE47E1E6D846A0066803B /* Resources */,
				7141F7EF1E43CB11002A909C /* Services */,
				714FB9851E3FBACD00FC6A95 /* Supporting Files */,
			);
			path = WorldTourRun;
			sourceTree = "<group>";
		};
		714FB9851E3FBACD00FC6A95 /* Supporting Files */ = {
			isa = PBXGroup;
			children = (
				714FB9861E3FBACD00FC6A95 /* main.m */,
				714FB9881E3FBACD00FC6A95 /* AppDelegate.h */,
				714FB9891E3FBACD00FC6A95 /* AppDelegate.m */,
				714FB9941E3FBACD00FC6A95 /* Assets.xcassets */,
				7119D66E1E7DA0DC000DDDD3 /* Info.plist */,
				7141F7ED1E43C5B4002A909C /* GoogleService-Info.plist */,
				71F8F5DC1EA113F800B157D4 /* DebugUIViews.m */,
			);
			name = "Supporting Files";
			sourceTree = "<group>";
		};
		714FB9AB1E3FBF0A00FC6A95 /* Frameworks */ = {
			isa = PBXGroup;
			children = (
				714FB9AC1E3FBF0A00FC6A95 /* MapKit.framework */,
				5251D5EF45FAD95ECD4D1E21 /* libPods-WorldTourRun.a */,
			);
			name = Frameworks;
			sourceTree = "<group>";
		};
		714FB9AE1E3FBFAC00FC6A95 /* Controllers */ = {
			isa = PBXGroup;
			children = (
				714FB98B1E3FBACD00FC6A95 /* StartScreenVC.h */,
				714FB98C1E3FBACD00FC6A95 /* StartScreenVC.m */,
				7141F7B91E407B39002A909C /* NewRunVC.h */,
				7141F7BA1E407B39002A909C /* NewRunVC.m */,
				7141F7BC1E4119DE002A909C /* RunDetailVC.h */,
				7141F7BD1E4119DE002A909C /* RunDetailVC.m */,
				7141F7E81E437753002A909C /* AdMobDemo.h */,
				7141F7E91E437753002A909C /* AdMobDemo.m */,
				7139D6A21E4A432A00416D51 /* ScheduleRunsVC.h */,
				7139D6A31E4A432A00416D51 /* ScheduleRunsVC.m */,
				71FAE4961E72EB020066803B /* TrophiesVC.h */,
				71FAE4971E72EB020066803B /* TrophiesVC.m */,
				718FAE701E75499D00E1D5CC /* TrophiesDetailsVC.h */,
				718FAE711E75499D00E1D5CC /* TrophiesDetailsVC.m */,
				710160401E787B4D00996654 /* FinishedRunsVC.h */,
				710160411E787B4D00996654 /* FinishedRunsVC.m */,
			);
			name = Controllers;
			sourceTree = "<group>";
		};
		714FB9AF1E3FBFC100FC6A95 /* View */ = {
			isa = PBXGroup;
			children = (
				718FAE731E758FAB00E1D5CC /* UI */,
				71FAE4921E72EA5E0066803B /* Cells */,
				718FAE811E772A1600E1D5CC /* Alerts */,
			);
			name = View;
			sourceTree = "<group>";
		};
		714FB9B01E3FBFCA00FC6A95 /* Model */ = {
			isa = PBXGroup;
			children = (
				71FAE4891E6D85CC0066803B /* Awards */,
				718FAE801E7729DB00E1D5CC /* Core Data */,
				712109871E7A9FED0028CAC5 /* Delegates */,
			);
			name = Model;
			sourceTree = "<group>";
		};
		714FB9B11E3FC00F00FC6A95 /* Storyboards */ = {
			isa = PBXGroup;
			children = (
				7119D66A1E7DA0C9000DDDD3 /* Main.storyboard */,
				714FB9961E3FBACD00FC6A95 /* LaunchScreen.storyboard */,
			);
			name = Storyboards;
			sourceTree = "<group>";
		};
		715C2D7B1E7EBA4B0053B59C /* WorldTourRunTests */ = {
			isa = PBXGroup;
			children = (
				715C2D941E7F20200053B59C /* ToStringTests.m */,
				715C2D7E1E7EBA4B0053B59C /* Info.plist */,
			);
			path = WorldTourRunTests;
			sourceTree = "<group>";
		};
		718FAE731E758FAB00E1D5CC /* UI */ = {
			isa = PBXGroup;
			children = (
				718FAE771E759F0200E1D5CC /* CustomButton.h */,
				718FAE781E759F0200E1D5CC /* CustomButton.m */,
				718FAE7A1E75AECD00E1D5CC /* CustomView.h */,
				718FAE7B1E75AECD00E1D5CC /* CustomView.m */,
				718FAE8E1E774F8000E1D5CC /* CustomImage.h */,
				718FAE8F1E774F8000E1D5CC /* CustomImage.m */,
				718FAE7D1E75E57100E1D5CC /* BackgroundView.h */,
				718FAE7E1E75E57100E1D5CC /* BackgroundView.m */,
			);
			name = UI;
			sourceTree = "<group>";
		};
		718FAE801E7729DB00E1D5CC /* Core Data */ = {
			isa = PBXGroup;
			children = (
				7139D6A51E4A46E100416D51 /* SheduledRuns+CoreDataClass.h */,
				7139D6A61E4A46E100416D51 /* SheduledRuns+CoreDataClass.m */,
				7139D6A71E4A46E100416D51 /* SheduledRuns+CoreDataProperties.h */,
				7139D6A81E4A46E100416D51 /* SheduledRuns+CoreDataProperties.m */,
				714FB99F1E3FBE7E00FC6A95 /* Location+CoreDataClass.h */,
				714FB9A01E3FBE7E00FC6A95 /* Location+CoreDataClass.m */,
				714FB9A11E3FBE7E00FC6A95 /* Location+CoreDataProperties.h */,
				714FB9A21E3FBE7E00FC6A95 /* Location+CoreDataProperties.m */,
				714FB9A31E3FBE7E00FC6A95 /* Run+CoreDataClass.h */,
				714FB9A41E3FBE7E00FC6A95 /* Run+CoreDataClass.m */,
				714FB9A51E3FBE7E00FC6A95 /* Run+CoreDataProperties.h */,
				714FB9A61E3FBE7E00FC6A95 /* Run+CoreDataProperties.m */,
				714FB9911E3FBACD00FC6A95 /* WorldTourRun.xcdatamodeld */,
			);
			name = "Core Data";
			sourceTree = "<group>";
		};
		718FAE811E772A1600E1D5CC /* Alerts */ = {
			isa = PBXGroup;
			children = (
				7139D6AB1E4B188E00416D51 /* CustomAlerts.h */,
				7139D6AC1E4B188E00416D51 /* CustomAlerts.m */,
			);
			name = Alerts;
			sourceTree = "<group>";
		};
		71FAE47E1E6D846A0066803B /* Resources */ = {
			isa = PBXGroup;
			children = (
				7119D6721E7DA158000DDDD3 /* Localizable.strings */,
				71FAE4811E6D853D0066803B /* cities.txt */,
			);
			name = Resources;
			sourceTree = "<group>";
		};
		71FAE4891E6D85CC0066803B /* Awards */ = {
			isa = PBXGroup;
			children = (
				71FAE4861E6D85840066803B /* CityTrophy.h */,
				71FAE4871E6D85840066803B /* CityTrophy.m */,
				71FAE48A1E6D86170066803B /* CityTrophyController.h */,
				71FAE48B1E6D86170066803B /* CityTrophyController.m */,
				71FAE48F1E7193CE0066803B /* TrophyStatus.h */,
				71FAE4901E7193CE0066803B /* TrophyStatus.m */,
			);
			name = Awards;
			sourceTree = "<group>";
		};
		71FAE4921E72EA5E0066803B /* Cells */ = {
			isa = PBXGroup;
			children = (
				71FAE4931E72EA730066803B /* CellTrophy.h */,
				71FAE4941E72EA730066803B /* CellTrophy.m */,
				710160431E787BC100996654 /* CellFinishedRun.h */,
				710160441E787BC100996654 /* CellFinishedRun.m */,
				712109841E793E3A0028CAC5 /* CellScheduledRun.h */,
				712109851E793E3A0028CAC5 /* CellScheduledRun.m */,
			);
			name = Cells;
			sourceTree = "<group>";
		};
		815384D090D0C49DD4F4DFD6 /* Pods */ = {
			isa = PBXGroup;
			children = (
				E413F6C04DE9F3AC703E51D8 /* Pods-WorldTourRun.debug.xcconfig */,
				5B36972AAB13C475A239AF3A /* Pods-WorldTourRun.release.xcconfig */,
			);
			name = Pods;
			sourceTree = "<group>";
		};
		B2F498AD1EB9C6CB0018A3B4 /* WorldTourRunUITests */ = {
			isa = PBXGroup;
			children = (
				B2F498AE1EB9C6CB0018A3B4 /* ViewControllersNavigationUITests.swift */,
				71DC82931EBB1DAB0022B513 /* NewRunUITests.swift */,
				B2F498B61EB9C9710018A3B4 /* Info.plist */,
			);
			path = WorldTourRunUITests;
			sourceTree = "<group>";
		};
/* End PBXGroup section */

/* Begin PBXNativeTarget section */
		714FB9811E3FBACD00FC6A95 /* WorldTourRun */ = {
			isa = PBXNativeTarget;
			buildConfigurationList = 714FB99C1E3FBACD00FC6A95 /* Build configuration list for PBXNativeTarget "WorldTourRun" */;
			buildPhases = (
				A80C95F1C6D280CA2E4A4E28 /* [CP] Check Pods Manifest.lock */,
				714FB97E1E3FBACD00FC6A95 /* Sources */,
				714FB97F1E3FBACD00FC6A95 /* Frameworks */,
				714FB9801E3FBACD00FC6A95 /* Resources */,
				67127D08EC9641D95A6C6BB2 /* [CP] Embed Pods Frameworks */,
				9DD6FF6BB96A249EB488AA67 /* [CP] Copy Pods Resources */,
			);
			buildRules = (
			);
			dependencies = (
			);
			name = WorldTourRun;
			productName = WorldTourRun;
			productReference = 714FB9821E3FBACD00FC6A95 /* WorldTourRun.app */;
			productType = "com.apple.product-type.application";
		};
		715C2D791E7EBA4B0053B59C /* WorldTourRunTests */ = {
			isa = PBXNativeTarget;
			buildConfigurationList = 715C2D831E7EBA4B0053B59C /* Build configuration list for PBXNativeTarget "WorldTourRunTests" */;
			buildPhases = (
				715C2D761E7EBA4B0053B59C /* Sources */,
				715C2D771E7EBA4B0053B59C /* Frameworks */,
				715C2D781E7EBA4B0053B59C /* Resources */,
			);
			buildRules = (
			);
			dependencies = (
				715C2D801E7EBA4B0053B59C /* PBXTargetDependency */,
			);
			name = WorldTourRunTests;
			productName = WorldTourRunTests;
			productReference = 715C2D7A1E7EBA4B0053B59C /* WorldTourRunTests.xctest */;
			productType = "com.apple.product-type.bundle.unit-test";
		};
		B2F498AB1EB9C6CB0018A3B4 /* WorldTourRunUITests */ = {
			isa = PBXNativeTarget;
			buildConfigurationList = B2F498B31EB9C6CB0018A3B4 /* Build configuration list for PBXNativeTarget "WorldTourRunUITests" */;
			buildPhases = (
				B2F498A81EB9C6CB0018A3B4 /* Sources */,
				B2F498A91EB9C6CB0018A3B4 /* Frameworks */,
				B2F498AA1EB9C6CB0018A3B4 /* Resources */,
			);
			buildRules = (
			);
			dependencies = (
				B2F498B21EB9C6CB0018A3B4 /* PBXTargetDependency */,
			);
			name = WorldTourRunUITests;
			productName = WorldTourRunUITests;
			productReference = B2F498AC1EB9C6CB0018A3B4 /* WorldTourRunUITests.xctest */;
			productType = "com.apple.product-type.bundle.ui-testing";
		};
/* End PBXNativeTarget section */

/* Begin PBXProject section */
		714FB97A1E3FBACD00FC6A95 /* Project object */ = {
			isa = PBXProject;
			attributes = {
				LastSwiftUpdateCheck = 0830;
				LastUpgradeCheck = 0800;
				ORGANIZATIONNAME = "Grzegorz Kwaśniewski";
				TargetAttributes = {
					714FB9811E3FBACD00FC6A95 = {
						CreatedOnToolsVersion = 8.0;
						DevelopmentTeam = 7K692Z62S3;
						LastSwiftMigration = 0800;
						ProvisioningStyle = Automatic;
						SystemCapabilities = {
							com.apple.BackgroundModes = {
								enabled = 1;
							};
						};
					};
					715C2D791E7EBA4B0053B59C = {
						CreatedOnToolsVersion = 8.0;
						DevelopmentTeam = R35N4L2G2B;
						ProvisioningStyle = Automatic;
						TestTargetID = 714FB9811E3FBACD00FC6A95;
					};
					B2F498AB1EB9C6CB0018A3B4 = {
						CreatedOnToolsVersion = 8.3.2;
						DevelopmentTeam = 7K692Z62S3;
						ProvisioningStyle = Automatic;
						TestTargetID = 714FB9811E3FBACD00FC6A95;
					};
				};
			};
			buildConfigurationList = 714FB97D1E3FBACD00FC6A95 /* Build configuration list for PBXProject "WorldTourRun" */;
			compatibilityVersion = "Xcode 3.2";
			developmentRegion = English;
			hasScannedForEncodings = 0;
			knownRegions = (
				en,
				Base,
				pl,
			);
			mainGroup = 714FB9791E3FBACD00FC6A95;
			productRefGroup = 714FB9831E3FBACD00FC6A95 /* Products */;
			projectDirPath = "";
			projectRoot = "";
			targets = (
				714FB9811E3FBACD00FC6A95 /* WorldTourRun */,
				715C2D791E7EBA4B0053B59C /* WorldTourRunTests */,
				B2F498AB1EB9C6CB0018A3B4 /* WorldTourRunUITests */,
			);
		};
/* End PBXProject section */

/* Begin PBXResourcesBuildPhase section */
		714FB9801E3FBACD00FC6A95 /* Resources */ = {
			isa = PBXResourcesBuildPhase;
			buildActionMask = 2147483647;
			files = (
				714FB9981E3FBACD00FC6A95 /* LaunchScreen.storyboard in Resources */,
				7119D6701E7DA158000DDDD3 /* Localizable.strings in Resources */,
				7141F7EE1E43C5B4002A909C /* GoogleService-Info.plist in Resources */,
				71FAE4821E6D853D0066803B /* cities.txt in Resources */,
				714FB9951E3FBACD00FC6A95 /* Assets.xcassets in Resources */,
				7119D6681E7DA0C9000DDDD3 /* Main.storyboard in Resources */,
			);
			runOnlyForDeploymentPostprocessing = 0;
		};
		715C2D781E7EBA4B0053B59C /* Resources */ = {
			isa = PBXResourcesBuildPhase;
			buildActionMask = 2147483647;
			files = (
			);
			runOnlyForDeploymentPostprocessing = 0;
		};
		B2F498AA1EB9C6CB0018A3B4 /* Resources */ = {
			isa = PBXResourcesBuildPhase;
			buildActionMask = 2147483647;
			files = (
				B2F498B71EB9C9710018A3B4 /* Info.plist in Resources */,
			);
			runOnlyForDeploymentPostprocessing = 0;
		};
/* End PBXResourcesBuildPhase section */

/* Begin PBXShellScriptBuildPhase section */
		67127D08EC9641D95A6C6BB2 /* [CP] Embed Pods Frameworks */ = {
			isa = PBXShellScriptBuildPhase;
			buildActionMask = 2147483647;
			files = (
			);
			inputPaths = (
			);
			name = "[CP] Embed Pods Frameworks";
			outputPaths = (
			);
			runOnlyForDeploymentPostprocessing = 0;
			shellPath = /bin/sh;
			shellScript = "\"${SRCROOT}/Pods/Target Support Files/Pods-WorldTourRun/Pods-WorldTourRun-frameworks.sh\"\n";
			showEnvVarsInLog = 0;
		};
		9DD6FF6BB96A249EB488AA67 /* [CP] Copy Pods Resources */ = {
			isa = PBXShellScriptBuildPhase;
			buildActionMask = 2147483647;
			files = (
			);
			inputPaths = (
			);
			name = "[CP] Copy Pods Resources";
			outputPaths = (
			);
			runOnlyForDeploymentPostprocessing = 0;
			shellPath = /bin/sh;
			shellScript = "\"${SRCROOT}/Pods/Target Support Files/Pods-WorldTourRun/Pods-WorldTourRun-resources.sh\"\n";
			showEnvVarsInLog = 0;
		};
		A80C95F1C6D280CA2E4A4E28 /* [CP] Check Pods Manifest.lock */ = {
			isa = PBXShellScriptBuildPhase;
			buildActionMask = 2147483647;
			files = (
			);
			inputPaths = (
			);
			name = "[CP] Check Pods Manifest.lock";
			outputPaths = (
			);
			runOnlyForDeploymentPostprocessing = 0;
			shellPath = /bin/sh;
			shellScript = "diff \"${PODS_ROOT}/../Podfile.lock\" \"${PODS_ROOT}/Manifest.lock\" > /dev/null\nif [[ $? != 0 ]] ; then\n    cat << EOM\nerror: The sandbox is not in sync with the Podfile.lock. Run 'pod install' or update your CocoaPods installation.\nEOM\n    exit 1\nfi\n";
			showEnvVarsInLog = 0;
		};
/* End PBXShellScriptBuildPhase section */

/* Begin PBXSourcesBuildPhase section */
		714FB97E1E3FBACD00FC6A95 /* Sources */ = {
			isa = PBXSourcesBuildPhase;
			buildActionMask = 2147483647;
			files = (
				714FB9A91E3FBE7E00FC6A95 /* Run+CoreDataClass.m in Sources */,
				710160421E787B4D00996654 /* FinishedRunsVC.m in Sources */,
				714FB9A81E3FBE7E00FC6A95 /* Location+CoreDataProperties.m in Sources */,
				71FAE4881E6D85840066803B /* CityTrophy.m in Sources */,
				71FAE4911E7193CE0066803B /* TrophyStatus.m in Sources */,
				7139D6AA1E4A46E100416D51 /* SheduledRuns+CoreDataProperties.m in Sources */,
				714FB9931E3FBACD00FC6A95 /* WorldTourRun.xcdatamodeld in Sources */,
				7141F7BE1E4119DE002A909C /* RunDetailVC.m in Sources */,
				7121098A1E7AA0400028CAC5 /* FinishedRunsVCDelegate.m in Sources */,
				714FB9AA1E3FBE7E00FC6A95 /* Run+CoreDataProperties.m in Sources */,
				718FAE721E75499D00E1D5CC /* TrophiesDetailsVC.m in Sources */,
				71FAE48C1E6D86170066803B /* CityTrophyController.m in Sources */,
				712109861E793E3A0028CAC5 /* CellScheduledRun.m in Sources */,
				710160451E787BC100996654 /* CellFinishedRun.m in Sources */,
				7141F7F21E43CB57002A909C /* ToString.m in Sources */,
				718FAE791E759F0200E1D5CC /* CustomButton.m in Sources */,
				718FAE8D1E77369100E1D5CC /* FacebookStrategy.m in Sources */,
				714FB98D1E3FBACD00FC6A95 /* StartScreenVC.m in Sources */,
				7141F7BB1E407B39002A909C /* NewRunVC.m in Sources */,
				71F8F5DD1EA113F800B157D4 /* DebugUIViews.m in Sources */,
				718FAE8A1E772C2000E1D5CC /* TwitterStrategy.m in Sources */,
				7171C4961E4C9351005BA23C /* CoreDataService.m in Sources */,
				71FAE4951E72EA730066803B /* CellTrophy.m in Sources */,
				718FAE871E772AF900E1D5CC /* Strategy.m in Sources */,
				714FB98A1E3FBACD00FC6A95 /* AppDelegate.m in Sources */,
				718FAE901E774F8000E1D5CC /* CustomImage.m in Sources */,
				7139D6AD1E4B188E00416D51 /* CustomAlerts.m in Sources */,
				7139D6A91E4A46E100416D51 /* SheduledRuns+CoreDataClass.m in Sources */,
				714FB9871E3FBACD00FC6A95 /* main.m in Sources */,
				718FAE7C1E75AECD00E1D5CC /* CustomView.m in Sources */,
				71FAE4981E72EB020066803B /* TrophiesVC.m in Sources */,
				718FAE7F1E75E57100E1D5CC /* BackgroundView.m in Sources */,
				7141F7EA1E437753002A909C /* AdMobDemo.m in Sources */,
				714FB9A71E3FBE7E00FC6A95 /* Location+CoreDataClass.m in Sources */,
				7139D6A41E4A432A00416D51 /* ScheduleRunsVC.m in Sources */,
			);
			runOnlyForDeploymentPostprocessing = 0;
		};
		715C2D761E7EBA4B0053B59C /* Sources */ = {
			isa = PBXSourcesBuildPhase;
			buildActionMask = 2147483647;
			files = (
				715C2D951E7F20200053B59C /* ToStringTests.m in Sources */,
			);
			runOnlyForDeploymentPostprocessing = 0;
		};
		B2F498A81EB9C6CB0018A3B4 /* Sources */ = {
			isa = PBXSourcesBuildPhase;
			buildActionMask = 2147483647;
			files = (
				71DC82941EBB1DAB0022B513 /* NewRunUITests.swift in Sources */,
				B2F498AF1EB9C6CB0018A3B4 /* ViewControllersNavigationUITests.swift in Sources */,
			);
			runOnlyForDeploymentPostprocessing = 0;
		};
/* End PBXSourcesBuildPhase section */

/* Begin PBXTargetDependency section */
		715C2D801E7EBA4B0053B59C /* PBXTargetDependency */ = {
			isa = PBXTargetDependency;
			target = 714FB9811E3FBACD00FC6A95 /* WorldTourRun */;
			targetProxy = 715C2D7F1E7EBA4B0053B59C /* PBXContainerItemProxy */;
		};
		B2F498B21EB9C6CB0018A3B4 /* PBXTargetDependency */ = {
			isa = PBXTargetDependency;
			target = 714FB9811E3FBACD00FC6A95 /* WorldTourRun */;
			targetProxy = B2F498B11EB9C6CB0018A3B4 /* PBXContainerItemProxy */;
		};
/* End PBXTargetDependency section */

/* Begin PBXVariantGroup section */
		7119D66A1E7DA0C9000DDDD3 /* Main.storyboard */ = {
			isa = PBXVariantGroup;
			children = (
				7119D6691E7DA0C9000DDDD3 /* Base */,
				7119D66C1E7DA0CD000DDDD3 /* pl */,
			);
			name = Main.storyboard;
			sourceTree = "<group>";
		};
		7119D66E1E7DA0DC000DDDD3 /* Info.plist */ = {
			isa = PBXVariantGroup;
			children = (
				7119D66D1E7DA0DC000DDDD3 /* Base */,
				7119D6751E7DA410000DDDD3 /* pl */,
			);
			name = Info.plist;
			sourceTree = "<group>";
		};
		7119D6721E7DA158000DDDD3 /* Localizable.strings */ = {
			isa = PBXVariantGroup;
			children = (
				7119D6711E7DA158000DDDD3 /* Base */,
				7119D6731E7DA17F000DDDD3 /* pl */,
			);
			name = Localizable.strings;
			path = ..;
			sourceTree = "<group>";
		};
		714FB9961E3FBACD00FC6A95 /* LaunchScreen.storyboard */ = {
			isa = PBXVariantGroup;
			children = (
				714FB9971E3FBACD00FC6A95 /* Base */,
				7119D6671E7DA0B9000DDDD3 /* pl */,
			);
			name = LaunchScreen.storyboard;
			sourceTree = "<group>";
		};
/* End PBXVariantGroup section */

/* Begin XCBuildConfiguration section */
		714FB99A1E3FBACD00FC6A95 /* Debug */ = {
			isa = XCBuildConfiguration;
			buildSettings = {
				ALWAYS_SEARCH_USER_PATHS = NO;
				CLANG_ANALYZER_LOCALIZABILITY_NONLOCALIZED = YES;
				CLANG_ANALYZER_NONNULL = YES;
				CLANG_CXX_LANGUAGE_STANDARD = "gnu++0x";
				CLANG_CXX_LIBRARY = "libc++";
				CLANG_ENABLE_MODULES = YES;
				CLANG_ENABLE_OBJC_ARC = YES;
				CLANG_WARN_BOOL_CONVERSION = YES;
				CLANG_WARN_CONSTANT_CONVERSION = YES;
				CLANG_WARN_DIRECT_OBJC_ISA_USAGE = YES_ERROR;
				CLANG_WARN_DOCUMENTATION_COMMENTS = YES;
				CLANG_WARN_EMPTY_BODY = YES;
				CLANG_WARN_ENUM_CONVERSION = YES;
				CLANG_WARN_INFINITE_RECURSION = YES;
				CLANG_WARN_INT_CONVERSION = YES;
				CLANG_WARN_OBJC_ROOT_CLASS = YES_ERROR;
				CLANG_WARN_SUSPICIOUS_MOVES = YES;
				CLANG_WARN_UNREACHABLE_CODE = YES;
				CLANG_WARN__DUPLICATE_METHOD_MATCH = YES;
				"CODE_SIGN_IDENTITY[sdk=iphoneos*]" = "iPhone Developer";
				COPY_PHASE_STRIP = NO;
				DEBUG_INFORMATION_FORMAT = dwarf;
				ENABLE_STRICT_OBJC_MSGSEND = YES;
				ENABLE_TESTABILITY = YES;
				GCC_C_LANGUAGE_STANDARD = gnu99;
				GCC_DYNAMIC_NO_PIC = NO;
				GCC_NO_COMMON_BLOCKS = YES;
				GCC_OPTIMIZATION_LEVEL = 0;
				GCC_PREPROCESSOR_DEFINITIONS = (
					"DEBUG=1",
					"$(inherited)",
				);
				GCC_WARN_64_TO_32_BIT_CONVERSION = YES;
				GCC_WARN_ABOUT_RETURN_TYPE = YES_ERROR;
				GCC_WARN_UNDECLARED_SELECTOR = YES;
				GCC_WARN_UNINITIALIZED_AUTOS = YES_AGGRESSIVE;
				GCC_WARN_UNUSED_FUNCTION = YES;
				GCC_WARN_UNUSED_VARIABLE = YES;
				IPHONEOS_DEPLOYMENT_TARGET = 10.0;
				MTL_ENABLE_DEBUG_INFO = YES;
				ONLY_ACTIVE_ARCH = YES;
				SDKROOT = iphoneos;
			};
			name = Debug;
		};
		714FB99B1E3FBACD00FC6A95 /* Release */ = {
			isa = XCBuildConfiguration;
			buildSettings = {
				ALWAYS_SEARCH_USER_PATHS = NO;
				CLANG_ANALYZER_LOCALIZABILITY_NONLOCALIZED = YES;
				CLANG_ANALYZER_NONNULL = YES;
				CLANG_CXX_LANGUAGE_STANDARD = "gnu++0x";
				CLANG_CXX_LIBRARY = "libc++";
				CLANG_ENABLE_MODULES = YES;
				CLANG_ENABLE_OBJC_ARC = YES;
				CLANG_WARN_BOOL_CONVERSION = YES;
				CLANG_WARN_CONSTANT_CONVERSION = YES;
				CLANG_WARN_DIRECT_OBJC_ISA_USAGE = YES_ERROR;
				CLANG_WARN_DOCUMENTATION_COMMENTS = YES;
				CLANG_WARN_EMPTY_BODY = YES;
				CLANG_WARN_ENUM_CONVERSION = YES;
				CLANG_WARN_INFINITE_RECURSION = YES;
				CLANG_WARN_INT_CONVERSION = YES;
				CLANG_WARN_OBJC_ROOT_CLASS = YES_ERROR;
				CLANG_WARN_SUSPICIOUS_MOVES = YES;
				CLANG_WARN_UNREACHABLE_CODE = YES;
				CLANG_WARN__DUPLICATE_METHOD_MATCH = YES;
				"CODE_SIGN_IDENTITY[sdk=iphoneos*]" = "iPhone Developer";
				COPY_PHASE_STRIP = NO;
				DEBUG_INFORMATION_FORMAT = "dwarf-with-dsym";
				ENABLE_NS_ASSERTIONS = NO;
				ENABLE_STRICT_OBJC_MSGSEND = YES;
				GCC_C_LANGUAGE_STANDARD = gnu99;
				GCC_NO_COMMON_BLOCKS = YES;
				GCC_WARN_64_TO_32_BIT_CONVERSION = YES;
				GCC_WARN_ABOUT_RETURN_TYPE = YES_ERROR;
				GCC_WARN_UNDECLARED_SELECTOR = YES;
				GCC_WARN_UNINITIALIZED_AUTOS = YES_AGGRESSIVE;
				GCC_WARN_UNUSED_FUNCTION = YES;
				GCC_WARN_UNUSED_VARIABLE = YES;
				IPHONEOS_DEPLOYMENT_TARGET = 10.0;
				MTL_ENABLE_DEBUG_INFO = NO;
				SDKROOT = iphoneos;
				VALIDATE_PRODUCT = YES;
			};
			name = Release;
		};
		714FB99D1E3FBACD00FC6A95 /* Debug */ = {
			isa = XCBuildConfiguration;
			baseConfigurationReference = E413F6C04DE9F3AC703E51D8 /* Pods-WorldTourRun.debug.xcconfig */;
			buildSettings = {
				ASSETCATALOG_COMPILER_APPICON_NAME = AppIcon;
				CLANG_ENABLE_MODULES = YES;
				DEVELOPMENT_TEAM = 7K692Z62S3;
				INFOPLIST_FILE = WorldTourRun/Base.lproj/Info.plist;
				IPHONEOS_DEPLOYMENT_TARGET = 10.0;
				LD_RUNPATH_SEARCH_PATHS = "$(inherited) @executable_path/Frameworks";
				PRODUCT_BUNDLE_IDENTIFIER = com.incodewebelieve.WorldTourRun;
				PRODUCT_NAME = "$(TARGET_NAME)";
				SWIFT_OBJC_BRIDGING_HEADER = "WorldTourRun/WorldTourRun-Bridging-Header.h";
				SWIFT_OPTIMIZATION_LEVEL = "-Onone";
				SWIFT_VERSION = 3.0;
			};
			name = Debug;
		};
		714FB99E1E3FBACD00FC6A95 /* Release */ = {
			isa = XCBuildConfiguration;
			baseConfigurationReference = 5B36972AAB13C475A239AF3A /* Pods-WorldTourRun.release.xcconfig */;
			buildSettings = {
				ASSETCATALOG_COMPILER_APPICON_NAME = AppIcon;
				CLANG_ENABLE_MODULES = YES;
				DEVELOPMENT_TEAM = 7K692Z62S3;
				INFOPLIST_FILE = WorldTourRun/Base.lproj/Info.plist;
				IPHONEOS_DEPLOYMENT_TARGET = 10.0;
				LD_RUNPATH_SEARCH_PATHS = "$(inherited) @executable_path/Frameworks";
				PRODUCT_BUNDLE_IDENTIFIER = com.incodewebelieve.WorldTourRun;
				PRODUCT_NAME = "$(TARGET_NAME)";
				SWIFT_OBJC_BRIDGING_HEADER = "WorldTourRun/WorldTourRun-Bridging-Header.h";
				SWIFT_VERSION = 3.0;
			};
			name = Release;
		};
		715C2D811E7EBA4B0053B59C /* Debug */ = {
			isa = XCBuildConfiguration;
			buildSettings = {
				BUNDLE_LOADER = "$(TEST_HOST)";
				DEVELOPMENT_TEAM = R35N4L2G2B;
				FRAMEWORK_SEARCH_PATHS = "${SRCROOT}/Pods/Google-Mobile-Ads-SDK/**";
				HEADER_SEARCH_PATHS = "${SRCROOT}/Pods/Google-Mobile-Ads-SDK/**";
				INFOPLIST_FILE = WorldTourRunTests/Info.plist;
				LD_RUNPATH_SEARCH_PATHS = "$(inherited) @executable_path/Frameworks @loader_path/Frameworks";
				PRODUCT_BUNDLE_IDENTIFIER = com.incodewebelieve.WorldTourRunTests;
				PRODUCT_NAME = "$(TARGET_NAME)";
				TEST_HOST = "$(BUILT_PRODUCTS_DIR)/WorldTourRun.app/WorldTourRun";
				p = "";
			};
			name = Debug;
		};
		715C2D821E7EBA4B0053B59C /* Release */ = {
			isa = XCBuildConfiguration;
			buildSettings = {
				BUNDLE_LOADER = "$(TEST_HOST)";
				DEVELOPMENT_TEAM = R35N4L2G2B;
				FRAMEWORK_SEARCH_PATHS = "${SRCROOT}/Pods/Google-Mobile-Ads-SDK/**";
				HEADER_SEARCH_PATHS = "${SRCROOT}/Pods/Google-Mobile-Ads-SDK/**";
				INFOPLIST_FILE = WorldTourRunTests/Info.plist;
				LD_RUNPATH_SEARCH_PATHS = "$(inherited) @executable_path/Frameworks @loader_path/Frameworks";
				PRODUCT_BUNDLE_IDENTIFIER = com.incodewebelieve.WorldTourRunTests;
				PRODUCT_NAME = "$(TARGET_NAME)";
				TEST_HOST = "$(BUILT_PRODUCTS_DIR)/WorldTourRun.app/WorldTourRun";
				p = "";
			};
			name = Release;
		};
		B2F498B41EB9C6CB0018A3B4 /* Debug */ = {
			isa = XCBuildConfiguration;
			buildSettings = {
				CLANG_ANALYZER_NUMBER_OBJECT_CONVERSION = YES_AGGRESSIVE;
				CLANG_WARN_SUSPICIOUS_MOVE = YES;
				DEVELOPMENT_TEAM = 7K692Z62S3;
				INFOPLIST_FILE = WorldTourRunUITests/Info.plist;
				IPHONEOS_DEPLOYMENT_TARGET = 10.3;
				LD_RUNPATH_SEARCH_PATHS = "$(inherited) @executable_path/Frameworks @loader_path/Frameworks";
				PRODUCT_BUNDLE_IDENTIFIER = incodewebelieve.com.WorldTourRunUITests;
				PRODUCT_NAME = "$(TARGET_NAME)";
				SWIFT_ACTIVE_COMPILATION_CONDITIONS = DEBUG;
				SWIFT_OPTIMIZATION_LEVEL = "-Onone";
				SWIFT_VERSION = 3.0;
				TEST_TARGET_NAME = WorldTourRun;
			};
			name = Debug;
		};
		B2F498B51EB9C6CB0018A3B4 /* Release */ = {
			isa = XCBuildConfiguration;
			buildSettings = {
				CLANG_ANALYZER_NUMBER_OBJECT_CONVERSION = YES_AGGRESSIVE;
				CLANG_WARN_SUSPICIOUS_MOVE = YES;
				DEVELOPMENT_TEAM = 7K692Z62S3;
				INFOPLIST_FILE = WorldTourRunUITests/Info.plist;
				IPHONEOS_DEPLOYMENT_TARGET = 10.3;
				LD_RUNPATH_SEARCH_PATHS = "$(inherited) @executable_path/Frameworks @loader_path/Frameworks";
				PRODUCT_BUNDLE_IDENTIFIER = incodewebelieve.com.WorldTourRunUITests;
				PRODUCT_NAME = "$(TARGET_NAME)";
				SWIFT_OPTIMIZATION_LEVEL = "-Owholemodule";
				SWIFT_VERSION = 3.0;
				TEST_TARGET_NAME = WorldTourRun;
			};
			name = Release;
		};
/* End XCBuildConfiguration section */

/* Begin XCConfigurationList section */
		714FB97D1E3FBACD00FC6A95 /* Build configuration list for PBXProject "WorldTourRun" */ = {
			isa = XCConfigurationList;
			buildConfigurations = (
				714FB99A1E3FBACD00FC6A95 /* Debug */,
				714FB99B1E3FBACD00FC6A95 /* Release */,
			);
			defaultConfigurationIsVisible = 0;
			defaultConfigurationName = Release;
		};
		714FB99C1E3FBACD00FC6A95 /* Build configuration list for PBXNativeTarget "WorldTourRun" */ = {
			isa = XCConfigurationList;
			buildConfigurations = (
				714FB99D1E3FBACD00FC6A95 /* Debug */,
				714FB99E1E3FBACD00FC6A95 /* Release */,
			);
			defaultConfigurationIsVisible = 0;
			defaultConfigurationName = Release;
		};
		715C2D831E7EBA4B0053B59C /* Build configuration list for PBXNativeTarget "WorldTourRunTests" */ = {
			isa = XCConfigurationList;
			buildConfigurations = (
				715C2D811E7EBA4B0053B59C /* Debug */,
				715C2D821E7EBA4B0053B59C /* Release */,
			);
			defaultConfigurationIsVisible = 0;
			defaultConfigurationName = Release;
		};
		B2F498B31EB9C6CB0018A3B4 /* Build configuration list for PBXNativeTarget "WorldTourRunUITests" */ = {
			isa = XCConfigurationList;
			buildConfigurations = (
				B2F498B41EB9C6CB0018A3B4 /* Debug */,
				B2F498B51EB9C6CB0018A3B4 /* Release */,
			);
			defaultConfigurationIsVisible = 0;
			defaultConfigurationName = Release;
		};
/* End XCConfigurationList section */

/* Begin XCVersionGroup section */
		714FB9911E3FBACD00FC6A95 /* WorldTourRun.xcdatamodeld */ = {
			isa = XCVersionGroup;
			children = (
				714FB9921E3FBACD00FC6A95 /* WorldTourRun.xcdatamodel */,
			);
			currentVersion = 714FB9921E3FBACD00FC6A95 /* WorldTourRun.xcdatamodel */;
			path = WorldTourRun.xcdatamodeld;
			sourceTree = "<group>";
			versionGroupType = wrapper.xcdatamodel;
		};
/* End XCVersionGroup section */
	};
	rootObject = 714FB97A1E3FBACD00FC6A95 /* Project object */;
}
