// !$*UTF8*$!
{
	archiveVersion = 1;
	classes = {
	};
	objectVersion = 46;
	objects = {

/* Begin PBXBuildFile section */
		7141F7BB1E407B39002A909C /* NewRunVC.m in Sources */ = {isa = PBXBuildFile; fileRef = 7141F7BA1E407B39002A909C /* NewRunVC.m */; };
		7141F7BE1E4119DE002A909C /* RunDetailVC.m in Sources */ = {isa = PBXBuildFile; fileRef = 7141F7BD1E4119DE002A909C /* RunDetailVC.m */; };
		7141F7EA1E437753002A909C /* AdMobDemo.m in Sources */ = {isa = PBXBuildFile; fileRef = 7141F7E91E437753002A909C /* AdMobDemo.m */; };
		7141F7EE1E43C5B4002A909C /* GoogleService-Info.plist in Resources */ = {isa = PBXBuildFile; fileRef = 7141F7ED1E43C5B4002A909C /* GoogleService-Info.plist */; };
		7141F7F21E43CB57002A909C /* HandleMath.m in Sources */ = {isa = PBXBuildFile; fileRef = 7141F7F11E43CB57002A909C /* HandleMath.m */; };
		714FB9871E3FBACD00FC6A95 /* main.m in Sources */ = {isa = PBXBuildFile; fileRef = 714FB9861E3FBACD00FC6A95 /* main.m */; };
		714FB98A1E3FBACD00FC6A95 /* AppDelegate.m in Sources */ = {isa = PBXBuildFile; fileRef = 714FB9891E3FBACD00FC6A95 /* AppDelegate.m */; };
		714FB98D1E3FBACD00FC6A95 /* StartScreenVC.m in Sources */ = {isa = PBXBuildFile; fileRef = 714FB98C1E3FBACD00FC6A95 /* StartScreenVC.m */; };
		714FB9931E3FBACD00FC6A95 /* WorldTourRun.xcdatamodeld in Sources */ = {isa = PBXBuildFile; fileRef = 714FB9911E3FBACD00FC6A95 /* WorldTourRun.xcdatamodeld */; };
		714FB9951E3FBACD00FC6A95 /* Assets.xcassets in Resources */ = {isa = PBXBuildFile; fileRef = 714FB9941E3FBACD00FC6A95 /* Assets.xcassets */; };
		714FB9981E3FBACD00FC6A95 /* LaunchScreen.storyboard in Resources */ = {isa = PBXBuildFile; fileRef = 714FB9961E3FBACD00FC6A95 /* LaunchScreen.storyboard */; };
		714FB9A71E3FBE7E00FC6A95 /* Location+CoreDataClass.m in Sources */ = {isa = PBXBuildFile; fileRef = 714FB9A01E3FBE7E00FC6A95 /* Location+CoreDataClass.m */; };
		714FB9A81E3FBE7E00FC6A95 /* Location+CoreDataProperties.m in Sources */ = {isa = PBXBuildFile; fileRef = 714FB9A21E3FBE7E00FC6A95 /* Location+CoreDataProperties.m */; };
		714FB9A91E3FBE7E00FC6A95 /* Run+CoreDataClass.m in Sources */ = {isa = PBXBuildFile; fileRef = 714FB9A41E3FBE7E00FC6A95 /* Run+CoreDataClass.m */; };
		714FB9AA1E3FBE7E00FC6A95 /* Run+CoreDataProperties.m in Sources */ = {isa = PBXBuildFile; fileRef = 714FB9A61E3FBE7E00FC6A95 /* Run+CoreDataProperties.m */; };
		714FB9AD1E3FBF0A00FC6A95 /* MapKit.framework in Frameworks */ = {isa = PBXBuildFile; fileRef = 714FB9AC1E3FBF0A00FC6A95 /* MapKit.framework */; };
		714FB9B31E3FE9B500FC6A95 /* Main.storyboard in Resources */ = {isa = PBXBuildFile; fileRef = 714FB9B21E3FE9B500FC6A95 /* Main.storyboard */; };
		E24A9D858FF30E0CD2B902D9 /* libPods-WorldTourRun.a in Frameworks */ = {isa = PBXBuildFile; fileRef = 5251D5EF45FAD95ECD4D1E21 /* libPods-WorldTourRun.a */; };
/* End PBXBuildFile section */

/* Begin PBXFileReference section */
		5251D5EF45FAD95ECD4D1E21 /* libPods-WorldTourRun.a */ = {isa = PBXFileReference; explicitFileType = archive.ar; includeInIndex = 0; path = "libPods-WorldTourRun.a"; sourceTree = BUILT_PRODUCTS_DIR; };
		5B36972AAB13C475A239AF3A /* Pods-WorldTourRun.release.xcconfig */ = {isa = PBXFileReference; includeInIndex = 1; lastKnownFileType = text.xcconfig; name = "Pods-WorldTourRun.release.xcconfig"; path = "Pods/Target Support Files/Pods-WorldTourRun/Pods-WorldTourRun.release.xcconfig"; sourceTree = "<group>"; };
		7141F7B91E407B39002A909C /* NewRunVC.h */ = {isa = PBXFileReference; fileEncoding = 4; lastKnownFileType = sourcecode.c.h; path = NewRunVC.h; sourceTree = "<group>"; };
		7141F7BA1E407B39002A909C /* NewRunVC.m */ = {isa = PBXFileReference; fileEncoding = 4; lastKnownFileType = sourcecode.c.objc; path = NewRunVC.m; sourceTree = "<group>"; };
		7141F7BC1E4119DE002A909C /* RunDetailVC.h */ = {isa = PBXFileReference; fileEncoding = 4; lastKnownFileType = sourcecode.c.h; path = RunDetailVC.h; sourceTree = "<group>"; };
		7141F7BD1E4119DE002A909C /* RunDetailVC.m */ = {isa = PBXFileReference; fileEncoding = 4; lastKnownFileType = sourcecode.c.objc; path = RunDetailVC.m; sourceTree = "<group>"; };
		7141F7E81E437753002A909C /* AdMobDemo.h */ = {isa = PBXFileReference; fileEncoding = 4; lastKnownFileType = sourcecode.c.h; path = AdMobDemo.h; sourceTree = "<group>"; };
		7141F7E91E437753002A909C /* AdMobDemo.m */ = {isa = PBXFileReference; fileEncoding = 4; lastKnownFileType = sourcecode.c.objc; path = AdMobDemo.m; sourceTree = "<group>"; };
		7141F7ED1E43C5B4002A909C /* GoogleService-Info.plist */ = {isa = PBXFileReference; fileEncoding = 4; lastKnownFileType = text.plist.xml; path = "GoogleService-Info.plist"; sourceTree = "<group>"; };
		7141F7F01E43CB57002A909C /* HandleMath.h */ = {isa = PBXFileReference; fileEncoding = 4; lastKnownFileType = sourcecode.c.h; path = HandleMath.h; sourceTree = "<group>"; };
		7141F7F11E43CB57002A909C /* HandleMath.m */ = {isa = PBXFileReference; fileEncoding = 4; lastKnownFileType = sourcecode.c.objc; path = HandleMath.m; sourceTree = "<group>"; };
		714FB9821E3FBACD00FC6A95 /* WorldTourRun.app */ = {isa = PBXFileReference; explicitFileType = wrapper.application; includeInIndex = 0; path = WorldTourRun.app; sourceTree = BUILT_PRODUCTS_DIR; };
		714FB9861E3FBACD00FC6A95 /* main.m */ = {isa = PBXFileReference; lastKnownFileType = sourcecode.c.objc; path = main.m; sourceTree = "<group>"; };
		714FB9881E3FBACD00FC6A95 /* AppDelegate.h */ = {isa = PBXFileReference; lastKnownFileType = sourcecode.c.h; path = AppDelegate.h; sourceTree = "<group>"; };
		714FB9891E3FBACD00FC6A95 /* AppDelegate.m */ = {isa = PBXFileReference; lastKnownFileType = sourcecode.c.objc; path = AppDelegate.m; sourceTree = "<group>"; };
		714FB98B1E3FBACD00FC6A95 /* StartScreenVC.h */ = {isa = PBXFileReference; lastKnownFileType = sourcecode.c.h; path = StartScreenVC.h; sourceTree = "<group>"; };
		714FB98C1E3FBACD00FC6A95 /* StartScreenVC.m */ = {isa = PBXFileReference; lastKnownFileType = sourcecode.c.objc; path = StartScreenVC.m; sourceTree = "<group>"; };
		714FB9921E3FBACD00FC6A95 /* WorldTourRun.xcdatamodel */ = {isa = PBXFileReference; lastKnownFileType = wrapper.xcdatamodel; path = WorldTourRun.xcdatamodel; sourceTree = "<group>"; };
		714FB9941E3FBACD00FC6A95 /* Assets.xcassets */ = {isa = PBXFileReference; lastKnownFileType = folder.assetcatalog; path = Assets.xcassets; sourceTree = "<group>"; };
		714FB9971E3FBACD00FC6A95 /* Base */ = {isa = PBXFileReference; lastKnownFileType = file.storyboard; name = Base; path = Base.lproj/LaunchScreen.storyboard; sourceTree = "<group>"; };
		714FB9991E3FBACD00FC6A95 /* Info.plist */ = {isa = PBXFileReference; lastKnownFileType = text.plist.xml; path = Info.plist; sourceTree = "<group>"; };
		714FB99F1E3FBE7E00FC6A95 /* Location+CoreDataClass.h */ = {isa = PBXFileReference; fileEncoding = 4; lastKnownFileType = sourcecode.c.h; name = "Location+CoreDataClass.h"; path = "../Location+CoreDataClass.h"; sourceTree = "<group>"; };
		714FB9A01E3FBE7E00FC6A95 /* Location+CoreDataClass.m */ = {isa = PBXFileReference; fileEncoding = 4; lastKnownFileType = sourcecode.c.objc; name = "Location+CoreDataClass.m"; path = "../Location+CoreDataClass.m"; sourceTree = "<group>"; };
		714FB9A11E3FBE7E00FC6A95 /* Location+CoreDataProperties.h */ = {isa = PBXFileReference; fileEncoding = 4; lastKnownFileType = sourcecode.c.h; name = "Location+CoreDataProperties.h"; path = "../Location+CoreDataProperties.h"; sourceTree = "<group>"; };
		714FB9A21E3FBE7E00FC6A95 /* Location+CoreDataProperties.m */ = {isa = PBXFileReference; fileEncoding = 4; lastKnownFileType = sourcecode.c.objc; name = "Location+CoreDataProperties.m"; path = "../Location+CoreDataProperties.m"; sourceTree = "<group>"; };
		714FB9A31E3FBE7E00FC6A95 /* Run+CoreDataClass.h */ = {isa = PBXFileReference; fileEncoding = 4; lastKnownFileType = sourcecode.c.h; name = "Run+CoreDataClass.h"; path = "../Run+CoreDataClass.h"; sourceTree = "<group>"; };
		714FB9A41E3FBE7E00FC6A95 /* Run+CoreDataClass.m */ = {isa = PBXFileReference; fileEncoding = 4; lastKnownFileType = sourcecode.c.objc; name = "Run+CoreDataClass.m"; path = "../Run+CoreDataClass.m"; sourceTree = "<group>"; };
		714FB9A51E3FBE7E00FC6A95 /* Run+CoreDataProperties.h */ = {isa = PBXFileReference; fileEncoding = 4; lastKnownFileType = sourcecode.c.h; name = "Run+CoreDataProperties.h"; path = "../Run+CoreDataProperties.h"; sourceTree = "<group>"; };
		714FB9A61E3FBE7E00FC6A95 /* Run+CoreDataProperties.m */ = {isa = PBXFileReference; fileEncoding = 4; lastKnownFileType = sourcecode.c.objc; name = "Run+CoreDataProperties.m"; path = "../Run+CoreDataProperties.m"; sourceTree = "<group>"; };
		714FB9AC1E3FBF0A00FC6A95 /* MapKit.framework */ = {isa = PBXFileReference; lastKnownFileType = wrapper.framework; name = MapKit.framework; path = System/Library/Frameworks/MapKit.framework; sourceTree = SDKROOT; };
		714FB9B21E3FE9B500FC6A95 /* Main.storyboard */ = {isa = PBXFileReference; fileEncoding = 4; lastKnownFileType = file.storyboard; path = Main.storyboard; sourceTree = "<group>"; };
		E413F6C04DE9F3AC703E51D8 /* Pods-WorldTourRun.debug.xcconfig */ = {isa = PBXFileReference; includeInIndex = 1; lastKnownFileType = text.xcconfig; name = "Pods-WorldTourRun.debug.xcconfig"; path = "Pods/Target Support Files/Pods-WorldTourRun/Pods-WorldTourRun.debug.xcconfig"; sourceTree = "<group>"; };
/* End PBXFileReference section */

/* Begin PBXFrameworksBuildPhase section */
		714FB97F1E3FBACD00FC6A95 /* Frameworks */ = {
			isa = PBXFrameworksBuildPhase;
			buildActionMask = 2147483647;
			files = (
				714FB9AD1E3FBF0A00FC6A95 /* MapKit.framework in Frameworks */,
				E24A9D858FF30E0CD2B902D9 /* libPods-WorldTourRun.a in Frameworks */,
			);
			runOnlyForDeploymentPostprocessing = 0;
		};
/* End PBXFrameworksBuildPhase section */

/* Begin PBXGroup section */
		7141F7EF1E43CB11002A909C /* Services */ = {
			isa = PBXGroup;
			children = (
				7141F7F01E43CB57002A909C /* HandleMath.h */,
				7141F7F11E43CB57002A909C /* HandleMath.m */,
			);
			name = Services;
			sourceTree = "<group>";
		};
		714FB9791E3FBACD00FC6A95 = {
			isa = PBXGroup;
			children = (
				714FB9841E3FBACD00FC6A95 /* WorldTourRun */,
				714FB9831E3FBACD00FC6A95 /* Products */,
				714FB9AB1E3FBF0A00FC6A95 /* Frameworks */,
				815384D090D0C49DD4F4DFD6 /* Pods */,
			);
			sourceTree = "<group>";
		};
		714FB9831E3FBACD00FC6A95 /* Products */ = {
			isa = PBXGroup;
			children = (
				714FB9821E3FBACD00FC6A95 /* WorldTourRun.app */,
			);
			name = Products;
			sourceTree = "<group>";
		};
		714FB9841E3FBACD00FC6A95 /* WorldTourRun */ = {
			isa = PBXGroup;
			children = (
				714FB9AE1E3FBFAC00FC6A95 /* Controllers */,
				714FB9B11E3FC00F00FC6A95 /* Storyboards */,
				714FB9B01E3FBFCA00FC6A95 /* Model */,
				714FB9AF1E3FBFC100FC6A95 /* View */,
				7141F7EF1E43CB11002A909C /* Services */,
				714FB9851E3FBACD00FC6A95 /* Supporting Files */,
			);
			path = WorldTourRun;
			sourceTree = "<group>";
		};
		714FB9851E3FBACD00FC6A95 /* Supporting Files */ = {
			isa = PBXGroup;
			children = (
				714FB9861E3FBACD00FC6A95 /* main.m */,
				714FB9881E3FBACD00FC6A95 /* AppDelegate.h */,
				714FB9891E3FBACD00FC6A95 /* AppDelegate.m */,
				714FB9941E3FBACD00FC6A95 /* Assets.xcassets */,
				714FB9991E3FBACD00FC6A95 /* Info.plist */,
				7141F7ED1E43C5B4002A909C /* GoogleService-Info.plist */,
			);
			name = "Supporting Files";
			sourceTree = "<group>";
		};
		714FB9AB1E3FBF0A00FC6A95 /* Frameworks */ = {
			isa = PBXGroup;
			children = (
				714FB9AC1E3FBF0A00FC6A95 /* MapKit.framework */,
				5251D5EF45FAD95ECD4D1E21 /* libPods-WorldTourRun.a */,
			);
			name = Frameworks;
			sourceTree = "<group>";
		};
		714FB9AE1E3FBFAC00FC6A95 /* Controllers */ = {
			isa = PBXGroup;
			children = (
				714FB98B1E3FBACD00FC6A95 /* StartScreenVC.h */,
				714FB98C1E3FBACD00FC6A95 /* StartScreenVC.m */,
				7141F7B91E407B39002A909C /* NewRunVC.h */,
				7141F7BA1E407B39002A909C /* NewRunVC.m */,
				7141F7BC1E4119DE002A909C /* RunDetailVC.h */,
				7141F7BD1E4119DE002A909C /* RunDetailVC.m */,
				7141F7E81E437753002A909C /* AdMobDemo.h */,
				7141F7E91E437753002A909C /* AdMobDemo.m */,
			);
			name = Controllers;
			sourceTree = "<group>";
		};
		714FB9AF1E3FBFC100FC6A95 /* View */ = {
			isa = PBXGroup;
			children = (
			);
			name = View;
			sourceTree = "<group>";
		};
		714FB9B01E3FBFCA00FC6A95 /* Model */ = {
			isa = PBXGroup;
			children = (
				714FB99F1E3FBE7E00FC6A95 /* Location+CoreDataClass.h */,
				714FB9A01E3FBE7E00FC6A95 /* Location+CoreDataClass.m */,
				714FB9A11E3FBE7E00FC6A95 /* Location+CoreDataProperties.h */,
				714FB9A21E3FBE7E00FC6A95 /* Location+CoreDataProperties.m */,
				714FB9A31E3FBE7E00FC6A95 /* Run+CoreDataClass.h */,
				714FB9A41E3FBE7E00FC6A95 /* Run+CoreDataClass.m */,
				714FB9A51E3FBE7E00FC6A95 /* Run+CoreDataProperties.h */,
				714FB9A61E3FBE7E00FC6A95 /* Run+CoreDataProperties.m */,
				714FB9911E3FBACD00FC6A95 /* WorldTourRun.xcdatamodeld */,
			);
			name = Model;
			sourceTree = "<group>";
		};
		714FB9B11E3FC00F00FC6A95 /* Storyboards */ = {
			isa = PBXGroup;
			children = (
				714FB9B21E3FE9B500FC6A95 /* Main.storyboard */,
				714FB9961E3FBACD00FC6A95 /* LaunchScreen.storyboard */,
			);
			name = Storyboards;
			sourceTree = "<group>";
		};
		815384D090D0C49DD4F4DFD6 /* Pods */ = {
			isa = PBXGroup;
			children = (
				E413F6C04DE9F3AC703E51D8 /* Pods-WorldTourRun.debug.xcconfig */,
				5B36972AAB13C475A239AF3A /* Pods-WorldTourRun.release.xcconfig */,
			);
			name = Pods;
			sourceTree = "<group>";
		};
/* End PBXGroup section */

/* Begin PBXNativeTarget section */
		714FB9811E3FBACD00FC6A95 /* WorldTourRun */ = {
			isa = PBXNativeTarget;
			buildConfigurationList = 714FB99C1E3FBACD00FC6A95 /* Build configuration list for PBXNativeTarget "WorldTourRun" */;
			buildPhases = (
				A80C95F1C6D280CA2E4A4E28 /* [CP] Check Pods Manifest.lock */,
				714FB97E1E3FBACD00FC6A95 /* Sources */,
				714FB97F1E3FBACD00FC6A95 /* Frameworks */,
				714FB9801E3FBACD00FC6A95 /* Resources */,
				67127D08EC9641D95A6C6BB2 /* [CP] Embed Pods Frameworks */,
				9DD6FF6BB96A249EB488AA67 /* [CP] Copy Pods Resources */,
			);
			buildRules = (
			);
			dependencies = (
			);
			name = WorldTourRun;
			productName = WorldTourRun;
			productReference = 714FB9821E3FBACD00FC6A95 /* WorldTourRun.app */;
			productType = "com.apple.product-type.application";
		};
/* End PBXNativeTarget section */

/* Begin PBXProject section */
		714FB97A1E3FBACD00FC6A95 /* Project object */ = {
			isa = PBXProject;
			attributes = {
				LastUpgradeCheck = 0800;
				ORGANIZATIONNAME = "Grzegorz Kwaśniewski";
				TargetAttributes = {
					714FB9811E3FBACD00FC6A95 = {
						CreatedOnToolsVersion = 8.0;
						DevelopmentTeam = 7K692Z62S3;
						ProvisioningStyle = Automatic;
						SystemCapabilities = {
							com.apple.BackgroundModes = {
								enabled = 1;
							};
						};
					};
				};
			};
			buildConfigurationList = 714FB97D1E3FBACD00FC6A95 /* Build configuration list for PBXProject "WorldTourRun" */;
			compatibilityVersion = "Xcode 3.2";
			developmentRegion = English;
			hasScannedForEncodings = 0;
			knownRegions = (
				en,
				Base,
			);
			mainGroup = 714FB9791E3FBACD00FC6A95;
			productRefGroup = 714FB9831E3FBACD00FC6A95 /* Products */;
			projectDirPath = "";
			projectRoot = "";
			targets = (
				714FB9811E3FBACD00FC6A95 /* WorldTourRun */,
			);
		};
/* End PBXProject section */

/* Begin PBXResourcesBuildPhase section */
		714FB9801E3FBACD00FC6A95 /* Resources */ = {
			isa = PBXResourcesBuildPhase;
			buildActionMask = 2147483647;
			files = (
				714FB9981E3FBACD00FC6A95 /* LaunchScreen.storyboard in Resources */,
				7141F7EE1E43C5B4002A909C /* GoogleService-Info.plist in Resources */,
				714FB9951E3FBACD00FC6A95 /* Assets.xcassets in Resources */,
				714FB9B31E3FE9B500FC6A95 /* Main.storyboard in Resources */,
			);
			runOnlyForDeploymentPostprocessing = 0;
		};
/* End PBXResourcesBuildPhase section */

/* Begin PBXShellScriptBuildPhase section */
		67127D08EC9641D95A6C6BB2 /* [CP] Embed Pods Frameworks */ = {
			isa = PBXShellScriptBuildPhase;
			buildActionMask = 2147483647;
			files = (
			);
			inputPaths = (
			);
			name = "[CP] Embed Pods Frameworks";
			outputPaths = (
			);
			runOnlyForDeploymentPostprocessing = 0;
			shellPath = /bin/sh;
			shellScript = "\"${SRCROOT}/Pods/Target Support Files/Pods-WorldTourRun/Pods-WorldTourRun-frameworks.sh\"\n";
			showEnvVarsInLog = 0;
		};
		9DD6FF6BB96A249EB488AA67 /* [CP] Copy Pods Resources */ = {
			isa = PBXShellScriptBuildPhase;
			buildActionMask = 2147483647;
			files = (
			);
			inputPaths = (
			);
			name = "[CP] Copy Pods Resources";
			outputPaths = (
			);
			runOnlyForDeploymentPostprocessing = 0;
			shellPath = /bin/sh;
			shellScript = "\"${SRCROOT}/Pods/Target Support Files/Pods-WorldTourRun/Pods-WorldTourRun-resources.sh\"\n";
			showEnvVarsInLog = 0;
		};
		A80C95F1C6D280CA2E4A4E28 /* [CP] Check Pods Manifest.lock */ = {
			isa = PBXShellScriptBuildPhase;
			buildActionMask = 2147483647;
			files = (
			);
			inputPaths = (
			);
			name = "[CP] Check Pods Manifest.lock";
			outputPaths = (
			);
			runOnlyForDeploymentPostprocessing = 0;
			shellPath = /bin/sh;
			shellScript = "diff \"${PODS_ROOT}/../Podfile.lock\" \"${PODS_ROOT}/Manifest.lock\" > /dev/null\nif [[ $? != 0 ]] ; then\n    cat << EOM\nerror: The sandbox is not in sync with the Podfile.lock. Run 'pod install' or update your CocoaPods installation.\nEOM\n    exit 1\nfi\n";
			showEnvVarsInLog = 0;
		};
/* End PBXShellScriptBuildPhase section */

/* Begin PBXSourcesBuildPhase section */
		714FB97E1E3FBACD00FC6A95 /* Sources */ = {
			isa = PBXSourcesBuildPhase;
			buildActionMask = 2147483647;
			files = (
				714FB9A91E3FBE7E00FC6A95 /* Run+CoreDataClass.m in Sources */,
				714FB9A81E3FBE7E00FC6A95 /* Location+CoreDataProperties.m in Sources */,
				714FB9931E3FBACD00FC6A95 /* WorldTourRun.xcdatamodeld in Sources */,
				7141F7BE1E4119DE002A909C /* RunDetailVC.m in Sources */,
				714FB9AA1E3FBE7E00FC6A95 /* Run+CoreDataProperties.m in Sources */,
				7141F7F21E43CB57002A909C /* HandleMath.m in Sources */,
				714FB98D1E3FBACD00FC6A95 /* StartScreenVC.m in Sources */,
				7141F7BB1E407B39002A909C /* NewRunVC.m in Sources */,
				714FB98A1E3FBACD00FC6A95 /* AppDelegate.m in Sources */,
				714FB9871E3FBACD00FC6A95 /* main.m in Sources */,
				7141F7EA1E437753002A909C /* AdMobDemo.m in Sources */,
				714FB9A71E3FBE7E00FC6A95 /* Location+CoreDataClass.m in Sources */,
			);
			runOnlyForDeploymentPostprocessing = 0;
		};
/* End PBXSourcesBuildPhase section */

/* Begin PBXVariantGroup section */
		714FB9961E3FBACD00FC6A95 /* LaunchScreen.storyboard */ = {
			isa = PBXVariantGroup;
			children = (
				714FB9971E3FBACD00FC6A95 /* Base */,
			);
			name = LaunchScreen.storyboard;
			sourceTree = "<group>";
		};
/* End PBXVariantGroup section */

/* Begin XCBuildConfiguration section */
		714FB99A1E3FBACD00FC6A95 /* Debug */ = {
			isa = XCBuildConfiguration;
			buildSettings = {
				ALWAYS_SEARCH_USER_PATHS = NO;
				CLANG_ANALYZER_NONNULL = YES;
				CLANG_CXX_LANGUAGE_STANDARD = "gnu++0x";
				CLANG_CXX_LIBRARY = "libc++";
				CLANG_ENABLE_MODULES = YES;
				CLANG_ENABLE_OBJC_ARC = YES;
				CLANG_WARN_BOOL_CONVERSION = YES;
				CLANG_WARN_CONSTANT_CONVERSION = YES;
				CLANG_WARN_DIRECT_OBJC_ISA_USAGE = YES_ERROR;
				CLANG_WARN_DOCUMENTATION_COMMENTS = YES;
				CLANG_WARN_EMPTY_BODY = YES;
				CLANG_WARN_ENUM_CONVERSION = YES;
				CLANG_WARN_INFINITE_RECURSION = YES;
				CLANG_WARN_INT_CONVERSION = YES;
				CLANG_WARN_OBJC_ROOT_CLASS = YES_ERROR;
				CLANG_WARN_SUSPICIOUS_MOVES = YES;
				CLANG_WARN_UNREACHABLE_CODE = YES;
				CLANG_WARN__DUPLICATE_METHOD_MATCH = YES;
				"CODE_SIGN_IDENTITY[sdk=iphoneos*]" = "iPhone Developer";
				COPY_PHASE_STRIP = NO;
				DEBUG_INFORMATION_FORMAT = dwarf;
				ENABLE_STRICT_OBJC_MSGSEND = YES;
				ENABLE_TESTABILITY = YES;
				GCC_C_LANGUAGE_STANDARD = gnu99;
				GCC_DYNAMIC_NO_PIC = NO;
				GCC_NO_COMMON_BLOCKS = YES;
				GCC_OPTIMIZATION_LEVEL = 0;
				GCC_PREPROCESSOR_DEFINITIONS = (
					"DEBUG=1",
					"$(inherited)",
				);
				GCC_WARN_64_TO_32_BIT_CONVERSION = YES;
				GCC_WARN_ABOUT_RETURN_TYPE = YES_ERROR;
				GCC_WARN_UNDECLARED_SELECTOR = YES;
				GCC_WARN_UNINITIALIZED_AUTOS = YES_AGGRESSIVE;
				GCC_WARN_UNUSED_FUNCTION = YES;
				GCC_WARN_UNUSED_VARIABLE = YES;
				IPHONEOS_DEPLOYMENT_TARGET = 10.0;
				MTL_ENABLE_DEBUG_INFO = YES;
				ONLY_ACTIVE_ARCH = YES;
				SDKROOT = iphoneos;
			};
			name = Debug;
		};
		714FB99B1E3FBACD00FC6A95 /* Release */ = {
			isa = XCBuildConfiguration;
			buildSettings = {
				ALWAYS_SEARCH_USER_PATHS = NO;
				CLANG_ANALYZER_NONNULL = YES;
				CLANG_CXX_LANGUAGE_STANDARD = "gnu++0x";
				CLANG_CXX_LIBRARY = "libc++";
				CLANG_ENABLE_MODULES = YES;
				CLANG_ENABLE_OBJC_ARC = YES;
				CLANG_WARN_BOOL_CONVERSION = YES;
				CLANG_WARN_CONSTANT_CONVERSION = YES;
				CLANG_WARN_DIRECT_OBJC_ISA_USAGE = YES_ERROR;
				CLANG_WARN_DOCUMENTATION_COMMENTS = YES;
				CLANG_WARN_EMPTY_BODY = YES;
				CLANG_WARN_ENUM_CONVERSION = YES;
				CLANG_WARN_INFINITE_RECURSION = YES;
				CLANG_WARN_INT_CONVERSION = YES;
				CLANG_WARN_OBJC_ROOT_CLASS = YES_ERROR;
				CLANG_WARN_SUSPICIOUS_MOVES = YES;
				CLANG_WARN_UNREACHABLE_CODE = YES;
				CLANG_WARN__DUPLICATE_METHOD_MATCH = YES;
				"CODE_SIGN_IDENTITY[sdk=iphoneos*]" = "iPhone Developer";
				COPY_PHASE_STRIP = NO;
				DEBUG_INFORMATION_FORMAT = "dwarf-with-dsym";
				ENABLE_NS_ASSERTIONS = NO;
				ENABLE_STRICT_OBJC_MSGSEND = YES;
				GCC_C_LANGUAGE_STANDARD = gnu99;
				GCC_NO_COMMON_BLOCKS = YES;
				GCC_WARN_64_TO_32_BIT_CONVERSION = YES;
				GCC_WARN_ABOUT_RETURN_TYPE = YES_ERROR;
				GCC_WARN_UNDECLARED_SELECTOR = YES;
				GCC_WARN_UNINITIALIZED_AUTOS = YES_AGGRESSIVE;
				GCC_WARN_UNUSED_FUNCTION = YES;
				GCC_WARN_UNUSED_VARIABLE = YES;
				IPHONEOS_DEPLOYMENT_TARGET = 10.0;
				MTL_ENABLE_DEBUG_INFO = NO;
				SDKROOT = iphoneos;
				VALIDATE_PRODUCT = YES;
			};
			name = Release;
		};
		714FB99D1E3FBACD00FC6A95 /* Debug */ = {
			isa = XCBuildConfiguration;
			baseConfigurationReference = E413F6C04DE9F3AC703E51D8 /* Pods-WorldTourRun.debug.xcconfig */;
			buildSettings = {
				ASSETCATALOG_COMPILER_APPICON_NAME = AppIcon;
				DEVELOPMENT_TEAM = 7K692Z62S3;
				INFOPLIST_FILE = WorldTourRun/Info.plist;
				LD_RUNPATH_SEARCH_PATHS = "$(inherited) @executable_path/Frameworks";
				PRODUCT_BUNDLE_IDENTIFIER = com.incodewebelieve.WorldTourRun;
				PRODUCT_NAME = "$(TARGET_NAME)";
			};
			name = Debug;
		};
		714FB99E1E3FBACD00FC6A95 /* Release */ = {
			isa = XCBuildConfiguration;
			baseConfigurationReference = 5B36972AAB13C475A239AF3A /* Pods-WorldTourRun.release.xcconfig */;
			buildSettings = {
				ASSETCATALOG_COMPILER_APPICON_NAME = AppIcon;
				DEVELOPMENT_TEAM = 7K692Z62S3;
				INFOPLIST_FILE = WorldTourRun/Info.plist;
				LD_RUNPATH_SEARCH_PATHS = "$(inherited) @executable_path/Frameworks";
				PRODUCT_BUNDLE_IDENTIFIER = com.incodewebelieve.WorldTourRun;
				PRODUCT_NAME = "$(TARGET_NAME)";
			};
			name = Release;
		};
/* End XCBuildConfiguration section */

/* Begin XCConfigurationList section */
		714FB97D1E3FBACD00FC6A95 /* Build configuration list for PBXProject "WorldTourRun" */ = {
			isa = XCConfigurationList;
			buildConfigurations = (
				714FB99A1E3FBACD00FC6A95 /* Debug */,
				714FB99B1E3FBACD00FC6A95 /* Release */,
			);
			defaultConfigurationIsVisible = 0;
			defaultConfigurationName = Release;
		};
		714FB99C1E3FBACD00FC6A95 /* Build configuration list for PBXNativeTarget "WorldTourRun" */ = {
			isa = XCConfigurationList;
			buildConfigurations = (
				714FB99D1E3FBACD00FC6A95 /* Debug */,
				714FB99E1E3FBACD00FC6A95 /* Release */,
			);
			defaultConfigurationIsVisible = 0;
			defaultConfigurationName = Release;
		};
/* End XCConfigurationList section */

/* Begin XCVersionGroup section */
		714FB9911E3FBACD00FC6A95 /* WorldTourRun.xcdatamodeld */ = {
			isa = XCVersionGroup;
			children = (
				714FB9921E3FBACD00FC6A95 /* WorldTourRun.xcdatamodel */,
			);
			currentVersion = 714FB9921E3FBACD00FC6A95 /* WorldTourRun.xcdatamodel */;
			path = WorldTourRun.xcdatamodeld;
			sourceTree = "<group>";
			versionGroupType = wrapper.xcdatamodel;
		};
/* End XCVersionGroup section */
	};
	rootObject = 714FB97A1E3FBACD00FC6A95 /* Project object */;
}
